// !$*UTF8*$!
{
	archiveVersion = 1;
	classes = {
	};
	objectVersion = 46;
	objects = {

/* Begin PBXBuildFile section */
		1D3623260D0F684500981E51 /* IM_TestAppDelegate.m in Sources */ = {isa = PBXBuildFile; fileRef = 1D3623250D0F684500981E51 /* IM_TestAppDelegate.m */; };
		1D60589B0D05DD56006BFB54 /* main.m in Sources */ = {isa = PBXBuildFile; fileRef = 29B97316FDCFA39411CA2CEA /* main.m */; };
		1D60589F0D05DD5A006BFB54 /* Foundation.framework in Frameworks */ = {isa = PBXBuildFile; fileRef = 1D30AB110D05D00D00671497 /* Foundation.framework */; };
		1DF5F4E00D08C38300B7A737 /* UIKit.framework in Frameworks */ = {isa = PBXBuildFile; fileRef = 1DF5F4DF0D08C38300B7A737 /* UIKit.framework */; };
		288765A50DF7441C002DB57D /* CoreGraphics.framework in Frameworks */ = {isa = PBXBuildFile; fileRef = 288765A40DF7441C002DB57D /* CoreGraphics.framework */; };
		2899E5220DE3E06400AC0155 /* IM_TestViewController.xib in Resources */ = {isa = PBXBuildFile; fileRef = 2899E5210DE3E06400AC0155 /* IM_TestViewController.xib */; };
		28AD733F0D9D9553002E5188 /* MainWindow.xib in Resources */ = {isa = PBXBuildFile; fileRef = 28AD733E0D9D9553002E5188 /* MainWindow.xib */; };
		28D7ACF80DDB3853001CB0EB /* IM_TestViewController.m in Sources */ = {isa = PBXBuildFile; fileRef = 28D7ACF70DDB3853001CB0EB /* IM_TestViewController.m */; };
		6188D5C410066BB300BA109F /* iphone.png in Resources */ = {isa = PBXBuildFile; fileRef = 6188D5C310066BB300BA109F /* iphone.png */; };
		61A02D3618EC81980021B539 /* coder.xml in Resources */ = {isa = PBXBuildFile; fileRef = 61A02C9A18EC81980021B539 /* coder.xml */; };
		61A02D3718EC81980021B539 /* colors.xml in Resources */ = {isa = PBXBuildFile; fileRef = 61A02C9B18EC81980021B539 /* colors.xml */; };
		61A02D3818EC81980021B539 /* delegates.xml in Resources */ = {isa = PBXBuildFile; fileRef = 61A02C9C18EC81980021B539 /* delegates.xml */; };
		61A02D3918EC81980021B539 /* english.xml in Resources */ = {isa = PBXBuildFile; fileRef = 61A02C9D18EC81980021B539 /* english.xml */; };
		61A02D3A18EC81980021B539 /* francais.xml in Resources */ = {isa = PBXBuildFile; fileRef = 61A02C9E18EC81980021B539 /* francais.xml */; };
		61A02D3B18EC81980021B539 /* locale.xml in Resources */ = {isa = PBXBuildFile; fileRef = 61A02C9F18EC81980021B539 /* locale.xml */; };
		61A02D3C18EC81980021B539 /* log.xml in Resources */ = {isa = PBXBuildFile; fileRef = 61A02CA018EC81980021B539 /* log.xml */; };
		61A02D3D18EC81980021B539 /* magic.xml in Resources */ = {isa = PBXBuildFile; fileRef = 61A02CA118EC81980021B539 /* magic.xml */; };
		61A02D3E18EC81980021B539 /* mime.xml in Resources */ = {isa = PBXBuildFile; fileRef = 61A02CA218EC81980021B539 /* mime.xml */; };
		61A02D3F18EC81980021B539 /* policy.xml in Resources */ = {isa = PBXBuildFile; fileRef = 61A02CA318EC81980021B539 /* policy.xml */; };
		61A02D4018EC81980021B539 /* quantization-table.xml in Resources */ = {isa = PBXBuildFile; fileRef = 61A02CA418EC81980021B539 /* quantization-table.xml */; };
		61A02D4118EC81980021B539 /* thresholds.xml in Resources */ = {isa = PBXBuildFile; fileRef = 61A02CA518EC81980021B539 /* thresholds.xml */; };
		61A02D4218EC81980021B539 /* type-dejavu.xml in Resources */ = {isa = PBXBuildFile; fileRef = 61A02CA618EC81980021B539 /* type-dejavu.xml */; };
		61A02D4318EC81980021B539 /* type-ghostscript.xml in Resources */ = {isa = PBXBuildFile; fileRef = 61A02CA718EC81980021B539 /* type-ghostscript.xml */; };
		61A02D4418EC81980021B539 /* type-windows.xml in Resources */ = {isa = PBXBuildFile; fileRef = 61A02CA818EC81980021B539 /* type-windows.xml */; };
		61A02D4518EC81980021B539 /* type.xml in Resources */ = {isa = PBXBuildFile; fileRef = 61A02CA918EC81980021B539 /* type.xml */; };
		61A02D4618EC81980021B539 /* libjpeg.a in Frameworks */ = {isa = PBXBuildFile; fileRef = 61A02D3118EC81980021B539 /* libjpeg.a */; };
		61A02D4718EC81980021B539 /* libMagickCore.a in Frameworks */ = {isa = PBXBuildFile; fileRef = 61A02D3218EC81980021B539 /* libMagickCore.a */; };
		61A02D4818EC81980021B539 /* libMagickWand.a in Frameworks */ = {isa = PBXBuildFile; fileRef = 61A02D3318EC81980021B539 /* libMagickWand.a */; };
		61A02D4918EC81980021B539 /* libpng.a in Frameworks */ = {isa = PBXBuildFile; fileRef = 61A02D3418EC81980021B539 /* libpng.a */; };
		61A02D4A18EC81980021B539 /* libtiff.a in Frameworks */ = {isa = PBXBuildFile; fileRef = 61A02D3518EC81980021B539 /* libtiff.a */; };
		61DFE77718E196BD00374E8F /* Default-568h@2x.png in Resources */ = {isa = PBXBuildFile; fileRef = 61DFE77618E196BD00374E8F /* Default-568h@2x.png */; };
		61EC622D101EF99F00AE41D8 /* iphone.tif in Resources */ = {isa = PBXBuildFile; fileRef = 61EC622C101EF99F00AE41D8 /* iphone.tif */; };
		7525A24B167A615400487B91 /* libxml2.dylib in Frameworks */ = {isa = PBXBuildFile; fileRef = 7525A249167A614C00487B91 /* libxml2.dylib */; };
/* End PBXBuildFile section */

/* Begin PBXFileReference section */
		1D30AB110D05D00D00671497 /* Foundation.framework */ = {isa = PBXFileReference; lastKnownFileType = wrapper.framework; name = Foundation.framework; path = System/Library/Frameworks/Foundation.framework; sourceTree = SDKROOT; };
		1D3623240D0F684500981E51 /* IM_TestAppDelegate.h */ = {isa = PBXFileReference; fileEncoding = 4; lastKnownFileType = sourcecode.c.h; path = IM_TestAppDelegate.h; sourceTree = "<group>"; };
		1D3623250D0F684500981E51 /* IM_TestAppDelegate.m */ = {isa = PBXFileReference; fileEncoding = 4; lastKnownFileType = sourcecode.c.objc; path = IM_TestAppDelegate.m; sourceTree = "<group>"; };
		1D6058910D05DD3D006BFB54 /* IM_Test.app */ = {isa = PBXFileReference; explicitFileType = wrapper.application; includeInIndex = 0; path = IM_Test.app; sourceTree = BUILT_PRODUCTS_DIR; };
		1DF5F4DF0D08C38300B7A737 /* UIKit.framework */ = {isa = PBXFileReference; lastKnownFileType = wrapper.framework; name = UIKit.framework; path = System/Library/Frameworks/UIKit.framework; sourceTree = SDKROOT; };
		288765A40DF7441C002DB57D /* CoreGraphics.framework */ = {isa = PBXFileReference; lastKnownFileType = wrapper.framework; name = CoreGraphics.framework; path = System/Library/Frameworks/CoreGraphics.framework; sourceTree = SDKROOT; };
		2899E5210DE3E06400AC0155 /* IM_TestViewController.xib */ = {isa = PBXFileReference; lastKnownFileType = file.xib; path = IM_TestViewController.xib; sourceTree = "<group>"; };
		28AD733E0D9D9553002E5188 /* MainWindow.xib */ = {isa = PBXFileReference; lastKnownFileType = file.xib; path = MainWindow.xib; sourceTree = "<group>"; };
		28D7ACF60DDB3853001CB0EB /* IM_TestViewController.h */ = {isa = PBXFileReference; fileEncoding = 4; lastKnownFileType = sourcecode.c.h; path = IM_TestViewController.h; sourceTree = "<group>"; };
		28D7ACF70DDB3853001CB0EB /* IM_TestViewController.m */ = {isa = PBXFileReference; fileEncoding = 4; lastKnownFileType = sourcecode.c.objc; path = IM_TestViewController.m; sourceTree = "<group>"; };
		29B97316FDCFA39411CA2CEA /* main.m */ = {isa = PBXFileReference; fileEncoding = 4; lastKnownFileType = sourcecode.c.objc; path = main.m; sourceTree = "<group>"; };
		32CA4F630368D1EE00C91783 /* IM_Test_Prefix.pch */ = {isa = PBXFileReference; fileEncoding = 4; lastKnownFileType = sourcecode.c.h; path = IM_Test_Prefix.pch; sourceTree = "<group>"; };
		6188D5C310066BB300BA109F /* iphone.png */ = {isa = PBXFileReference; lastKnownFileType = image.png; path = iphone.png; sourceTree = "<group>"; };
		61A02C9A18EC81980021B539 /* coder.xml */ = {isa = PBXFileReference; fileEncoding = 4; lastKnownFileType = text.xml; path = coder.xml; sourceTree = "<group>"; };
		61A02C9B18EC81980021B539 /* colors.xml */ = {isa = PBXFileReference; fileEncoding = 4; lastKnownFileType = text.xml; path = colors.xml; sourceTree = "<group>"; };
		61A02C9C18EC81980021B539 /* delegates.xml */ = {isa = PBXFileReference; fileEncoding = 4; lastKnownFileType = text.xml; path = delegates.xml; sourceTree = "<group>"; };
		61A02C9D18EC81980021B539 /* english.xml */ = {isa = PBXFileReference; fileEncoding = 4; lastKnownFileType = text.xml; path = english.xml; sourceTree = "<group>"; };
		61A02C9E18EC81980021B539 /* francais.xml */ = {isa = PBXFileReference; fileEncoding = 4; lastKnownFileType = text.xml; path = francais.xml; sourceTree = "<group>"; };
		61A02C9F18EC81980021B539 /* locale.xml */ = {isa = PBXFileReference; fileEncoding = 4; lastKnownFileType = text.xml; path = locale.xml; sourceTree = "<group>"; };
		61A02CA018EC81980021B539 /* log.xml */ = {isa = PBXFileReference; fileEncoding = 4; lastKnownFileType = text.xml; path = log.xml; sourceTree = "<group>"; };
		61A02CA118EC81980021B539 /* magic.xml */ = {isa = PBXFileReference; fileEncoding = 4; lastKnownFileType = text.xml; path = magic.xml; sourceTree = "<group>"; };
		61A02CA218EC81980021B539 /* mime.xml */ = {isa = PBXFileReference; fileEncoding = 4; lastKnownFileType = text.xml; path = mime.xml; sourceTree = "<group>"; };
		61A02CA318EC81980021B539 /* policy.xml */ = {isa = PBXFileReference; fileEncoding = 4; lastKnownFileType = text.xml; path = policy.xml; sourceTree = "<group>"; };
		61A02CA418EC81980021B539 /* quantization-table.xml */ = {isa = PBXFileReference; fileEncoding = 4; lastKnownFileType = text.xml; path = "quantization-table.xml"; sourceTree = "<group>"; };
		61A02CA518EC81980021B539 /* thresholds.xml */ = {isa = PBXFileReference; fileEncoding = 4; lastKnownFileType = text.xml; path = thresholds.xml; sourceTree = "<group>"; };
		61A02CA618EC81980021B539 /* type-dejavu.xml */ = {isa = PBXFileReference; fileEncoding = 4; lastKnownFileType = text.xml; path = "type-dejavu.xml"; sourceTree = "<group>"; };
		61A02CA718EC81980021B539 /* type-ghostscript.xml */ = {isa = PBXFileReference; fileEncoding = 4; lastKnownFileType = text.xml; path = "type-ghostscript.xml"; sourceTree = "<group>"; };
		61A02CA818EC81980021B539 /* type-windows.xml */ = {isa = PBXFileReference; fileEncoding = 4; lastKnownFileType = text.xml; path = "type-windows.xml"; sourceTree = "<group>"; };
		61A02CA918EC81980021B539 /* type.xml */ = {isa = PBXFileReference; fileEncoding = 4; lastKnownFileType = text.xml; path = type.xml; sourceTree = "<group>"; };
		61A02CAB18EC81980021B539 /* jconfig.h */ = {isa = PBXFileReference; fileEncoding = 4; lastKnownFileType = sourcecode.c.h; path = jconfig.h; sourceTree = "<group>"; };
		61A02CAC18EC81980021B539 /* jerror.h */ = {isa = PBXFileReference; fileEncoding = 4; lastKnownFileType = sourcecode.c.h; path = jerror.h; sourceTree = "<group>"; };
		61A02CAD18EC81980021B539 /* jmorecfg.h */ = {isa = PBXFileReference; fileEncoding = 4; lastKnownFileType = sourcecode.c.h; path = jmorecfg.h; sourceTree = "<group>"; };
		61A02CAE18EC81980021B539 /* jpeglib.h */ = {isa = PBXFileReference; fileEncoding = 4; lastKnownFileType = sourcecode.c.h; path = jpeglib.h; sourceTree = "<group>"; };
		61A02CB018EC81980021B539 /* accelerate.h */ = {isa = PBXFileReference; fileEncoding = 4; lastKnownFileType = sourcecode.c.h; path = accelerate.h; sourceTree = "<group>"; };
		61A02CB118EC81980021B539 /* animate.h */ = {isa = PBXFileReference; fileEncoding = 4; lastKnownFileType = sourcecode.c.h; path = animate.h; sourceTree = "<group>"; };
		61A02CB218EC81980021B539 /* annotate.h */ = {isa = PBXFileReference; fileEncoding = 4; lastKnownFileType = sourcecode.c.h; path = annotate.h; sourceTree = "<group>"; };
		61A02CB318EC81980021B539 /* api.h */ = {isa = PBXFileReference; fileEncoding = 4; lastKnownFileType = sourcecode.c.h; path = api.h; sourceTree = "<group>"; };
		61A02CB418EC81980021B539 /* artifact.h */ = {isa = PBXFileReference; fileEncoding = 4; lastKnownFileType = sourcecode.c.h; path = artifact.h; sourceTree = "<group>"; };
		61A02CB518EC81980021B539 /* attribute.h */ = {isa = PBXFileReference; fileEncoding = 4; lastKnownFileType = sourcecode.c.h; path = attribute.h; sourceTree = "<group>"; };
		61A02CB618EC81980021B539 /* blob.h */ = {isa = PBXFileReference; fileEncoding = 4; lastKnownFileType = sourcecode.c.h; path = blob.h; sourceTree = "<group>"; };
		61A02CB718EC81980021B539 /* cache-view.h */ = {isa = PBXFileReference; fileEncoding = 4; lastKnownFileType = sourcecode.c.h; path = "cache-view.h"; sourceTree = "<group>"; };
		61A02CB818EC81980021B539 /* cache.h */ = {isa = PBXFileReference; fileEncoding = 4; lastKnownFileType = sourcecode.c.h; path = cache.h; sourceTree = "<group>"; };
		61A02CB918EC81980021B539 /* channel.h */ = {isa = PBXFileReference; fileEncoding = 4; lastKnownFileType = sourcecode.c.h; path = channel.h; sourceTree = "<group>"; };
		61A02CBA18EC81980021B539 /* cipher.h */ = {isa = PBXFileReference; fileEncoding = 4; lastKnownFileType = sourcecode.c.h; path = cipher.h; sourceTree = "<group>"; };
		61A02CBB18EC81980021B539 /* client.h */ = {isa = PBXFileReference; fileEncoding = 4; lastKnownFileType = sourcecode.c.h; path = client.h; sourceTree = "<group>"; };
		61A02CBC18EC81980021B539 /* coder.h */ = {isa = PBXFileReference; fileEncoding = 4; lastKnownFileType = sourcecode.c.h; path = coder.h; sourceTree = "<group>"; };
		61A02CBD18EC81980021B539 /* color.h */ = {isa = PBXFileReference; fileEncoding = 4; lastKnownFileType = sourcecode.c.h; path = color.h; sourceTree = "<group>"; };
		61A02CBE18EC81980021B539 /* colormap.h */ = {isa = PBXFileReference; fileEncoding = 4; lastKnownFileType = sourcecode.c.h; path = colormap.h; sourceTree = "<group>"; };
		61A02CBF18EC81980021B539 /* colorspace.h */ = {isa = PBXFileReference; fileEncoding = 4; lastKnownFileType = sourcecode.c.h; path = colorspace.h; sourceTree = "<group>"; };
		61A02CC018EC81980021B539 /* compare.h */ = {isa = PBXFileReference; fileEncoding = 4; lastKnownFileType = sourcecode.c.h; path = compare.h; sourceTree = "<group>"; };
		61A02CC118EC81980021B539 /* composite.h */ = {isa = PBXFileReference; fileEncoding = 4; lastKnownFileType = sourcecode.c.h; path = composite.h; sourceTree = "<group>"; };
		61A02CC218EC81980021B539 /* compress.h */ = {isa = PBXFileReference; fileEncoding = 4; lastKnownFileType = sourcecode.c.h; path = compress.h; sourceTree = "<group>"; };
		61A02CC318EC81980021B539 /* configure.h */ = {isa = PBXFileReference; fileEncoding = 4; lastKnownFileType = sourcecode.c.h; path = configure.h; sourceTree = "<group>"; };
		61A02CC418EC81980021B539 /* constitute.h */ = {isa = PBXFileReference; fileEncoding = 4; lastKnownFileType = sourcecode.c.h; path = constitute.h; sourceTree = "<group>"; };
		61A02CC518EC81980021B539 /* decorate.h */ = {isa = PBXFileReference; fileEncoding = 4; lastKnownFileType = sourcecode.c.h; path = decorate.h; sourceTree = "<group>"; };
		61A02CC618EC81980021B539 /* delegate.h */ = {isa = PBXFileReference; fileEncoding = 4; lastKnownFileType = sourcecode.c.h; path = delegate.h; sourceTree = "<group>"; };
		61A02CC718EC81980021B539 /* deprecate.h */ = {isa = PBXFileReference; fileEncoding = 4; lastKnownFileType = sourcecode.c.h; path = deprecate.h; sourceTree = "<group>"; };
		61A02CC818EC81980021B539 /* display.h */ = {isa = PBXFileReference; fileEncoding = 4; lastKnownFileType = sourcecode.c.h; path = display.h; sourceTree = "<group>"; };
		61A02CC918EC81980021B539 /* distort.h */ = {isa = PBXFileReference; fileEncoding = 4; lastKnownFileType = sourcecode.c.h; path = distort.h; sourceTree = "<group>"; };
		61A02CCA18EC81980021B539 /* distribute-cache.h */ = {isa = PBXFileReference; fileEncoding = 4; lastKnownFileType = sourcecode.c.h; path = "distribute-cache.h"; sourceTree = "<group>"; };
		61A02CCB18EC81980021B539 /* draw.h */ = {isa = PBXFileReference; fileEncoding = 4; lastKnownFileType = sourcecode.c.h; path = draw.h; sourceTree = "<group>"; };
		61A02CCC18EC81980021B539 /* effect.h */ = {isa = PBXFileReference; fileEncoding = 4; lastKnownFileType = sourcecode.c.h; path = effect.h; sourceTree = "<group>"; };
		61A02CCD18EC81980021B539 /* enhance.h */ = {isa = PBXFileReference; fileEncoding = 4; lastKnownFileType = sourcecode.c.h; path = enhance.h; sourceTree = "<group>"; };
		61A02CCE18EC81980021B539 /* exception.h */ = {isa = PBXFileReference; fileEncoding = 4; lastKnownFileType = sourcecode.c.h; path = exception.h; sourceTree = "<group>"; };
		61A02CCF18EC81980021B539 /* feature.h */ = {isa = PBXFileReference; fileEncoding = 4; lastKnownFileType = sourcecode.c.h; path = feature.h; sourceTree = "<group>"; };
		61A02CD018EC81980021B539 /* fourier.h */ = {isa = PBXFileReference; fileEncoding = 4; lastKnownFileType = sourcecode.c.h; path = fourier.h; sourceTree = "<group>"; };
		61A02CD118EC81980021B539 /* fx.h */ = {isa = PBXFileReference; fileEncoding = 4; lastKnownFileType = sourcecode.c.h; path = fx.h; sourceTree = "<group>"; };
		61A02CD218EC81980021B539 /* gem.h */ = {isa = PBXFileReference; fileEncoding = 4; lastKnownFileType = sourcecode.c.h; path = gem.h; sourceTree = "<group>"; };
		61A02CD318EC81980021B539 /* geometry.h */ = {isa = PBXFileReference; fileEncoding = 4; lastKnownFileType = sourcecode.c.h; path = geometry.h; sourceTree = "<group>"; };
		61A02CD418EC81980021B539 /* hashmap.h */ = {isa = PBXFileReference; fileEncoding = 4; lastKnownFileType = sourcecode.c.h; path = hashmap.h; sourceTree = "<group>"; };
		61A02CD518EC81980021B539 /* histogram.h */ = {isa = PBXFileReference; fileEncoding = 4; lastKnownFileType = sourcecode.c.h; path = histogram.h; sourceTree = "<group>"; };
		61A02CD618EC81980021B539 /* identify.h */ = {isa = PBXFileReference; fileEncoding = 4; lastKnownFileType = sourcecode.c.h; path = identify.h; sourceTree = "<group>"; };
		61A02CD718EC81980021B539 /* image-view.h */ = {isa = PBXFileReference; fileEncoding = 4; lastKnownFileType = sourcecode.c.h; path = "image-view.h"; sourceTree = "<group>"; };
		61A02CD818EC81980021B539 /* image.h */ = {isa = PBXFileReference; fileEncoding = 4; lastKnownFileType = sourcecode.c.h; path = image.h; sourceTree = "<group>"; };
		61A02CD918EC81980021B539 /* ImageMagick.h */ = {isa = PBXFileReference; fileEncoding = 4; lastKnownFileType = sourcecode.c.h; path = ImageMagick.h; sourceTree = "<group>"; };
		61A02CDA18EC81980021B539 /* layer.h */ = {isa = PBXFileReference; fileEncoding = 4; lastKnownFileType = sourcecode.c.h; path = layer.h; sourceTree = "<group>"; };
		61A02CDB18EC81980021B539 /* list.h */ = {isa = PBXFileReference; fileEncoding = 4; lastKnownFileType = sourcecode.c.h; path = list.h; sourceTree = "<group>"; };
		61A02CDC18EC81980021B539 /* locale_.h */ = {isa = PBXFileReference; fileEncoding = 4; lastKnownFileType = sourcecode.c.h; path = locale_.h; sourceTree = "<group>"; };
		61A02CDD18EC81980021B539 /* log.h */ = {isa = PBXFileReference; fileEncoding = 4; lastKnownFileType = sourcecode.c.h; path = log.h; sourceTree = "<group>"; };
		61A02CDE18EC81980021B539 /* magic.h */ = {isa = PBXFileReference; fileEncoding = 4; lastKnownFileType = sourcecode.c.h; path = magic.h; sourceTree = "<group>"; };
		61A02CDF18EC81980021B539 /* magick-baseconfig.h */ = {isa = PBXFileReference; fileEncoding = 4; lastKnownFileType = sourcecode.c.h; path = "magick-baseconfig.h"; sourceTree = "<group>"; };
		61A02CE018EC81980021B539 /* magick-config.h */ = {isa = PBXFileReference; fileEncoding = 4; lastKnownFileType = sourcecode.c.h; path = "magick-config.h"; sourceTree = "<group>"; };
		61A02CE118EC81980021B539 /* magick-type.h */ = {isa = PBXFileReference; fileEncoding = 4; lastKnownFileType = sourcecode.c.h; path = "magick-type.h"; sourceTree = "<group>"; };
		61A02CE218EC81980021B539 /* magick.h */ = {isa = PBXFileReference; fileEncoding = 4; lastKnownFileType = sourcecode.c.h; path = magick.h; sourceTree = "<group>"; };
		61A02CE318EC81980021B539 /* MagickCore.h */ = {isa = PBXFileReference; fileEncoding = 4; lastKnownFileType = sourcecode.c.h; path = MagickCore.h; sourceTree = "<group>"; };
		61A02CE418EC81980021B539 /* matrix.h */ = {isa = PBXFileReference; fileEncoding = 4; lastKnownFileType = sourcecode.c.h; path = matrix.h; sourceTree = "<group>"; };
		61A02CE518EC81980021B539 /* memory_.h */ = {isa = PBXFileReference; fileEncoding = 4; lastKnownFileType = sourcecode.c.h; path = memory_.h; sourceTree = "<group>"; };
		61A02CE618EC81980021B539 /* method-attribute.h */ = {isa = PBXFileReference; fileEncoding = 4; lastKnownFileType = sourcecode.c.h; path = "method-attribute.h"; sourceTree = "<group>"; };
		61A02CE718EC81980021B539 /* methods.h */ = {isa = PBXFileReference; fileEncoding = 4; lastKnownFileType = sourcecode.c.h; path = methods.h; sourceTree = "<group>"; };
		61A02CE818EC81980021B539 /* mime.h */ = {isa = PBXFileReference; fileEncoding = 4; lastKnownFileType = sourcecode.c.h; path = mime.h; sourceTree = "<group>"; };
		61A02CE918EC81980021B539 /* module.h */ = {isa = PBXFileReference; fileEncoding = 4; lastKnownFileType = sourcecode.c.h; path = module.h; sourceTree = "<group>"; };
		61A02CEA18EC81980021B539 /* monitor.h */ = {isa = PBXFileReference; fileEncoding = 4; lastKnownFileType = sourcecode.c.h; path = monitor.h; sourceTree = "<group>"; };
		61A02CEB18EC81980021B539 /* montage.h */ = {isa = PBXFileReference; fileEncoding = 4; lastKnownFileType = sourcecode.c.h; path = montage.h; sourceTree = "<group>"; };
		61A02CEC18EC81980021B539 /* morphology.h */ = {isa = PBXFileReference; fileEncoding = 4; lastKnownFileType = sourcecode.c.h; path = morphology.h; sourceTree = "<group>"; };
		61A02CED18EC81980021B539 /* opencl.h */ = {isa = PBXFileReference; fileEncoding = 4; lastKnownFileType = sourcecode.c.h; path = opencl.h; sourceTree = "<group>"; };
		61A02CEE18EC81980021B539 /* option.h */ = {isa = PBXFileReference; fileEncoding = 4; lastKnownFileType = sourcecode.c.h; path = option.h; sourceTree = "<group>"; };
		61A02CEF18EC81980021B539 /* paint.h */ = {isa = PBXFileReference; fileEncoding = 4; lastKnownFileType = sourcecode.c.h; path = paint.h; sourceTree = "<group>"; };
		61A02CF018EC81980021B539 /* pixel-accessor.h */ = {isa = PBXFileReference; fileEncoding = 4; lastKnownFileType = sourcecode.c.h; path = "pixel-accessor.h"; sourceTree = "<group>"; };
		61A02CF118EC81980021B539 /* pixel.h */ = {isa = PBXFileReference; fileEncoding = 4; lastKnownFileType = sourcecode.c.h; path = pixel.h; sourceTree = "<group>"; };
		61A02CF218EC81980021B539 /* policy.h */ = {isa = PBXFileReference; fileEncoding = 4; lastKnownFileType = sourcecode.c.h; path = policy.h; sourceTree = "<group>"; };
		61A02CF318EC81980021B539 /* prepress.h */ = {isa = PBXFileReference; fileEncoding = 4; lastKnownFileType = sourcecode.c.h; path = prepress.h; sourceTree = "<group>"; };
		61A02CF418EC81980021B539 /* PreRvIcccm.h */ = {isa = PBXFileReference; fileEncoding = 4; lastKnownFileType = sourcecode.c.h; path = PreRvIcccm.h; sourceTree = "<group>"; };
		61A02CF518EC81980021B539 /* profile.h */ = {isa = PBXFileReference; fileEncoding = 4; lastKnownFileType = sourcecode.c.h; path = profile.h; sourceTree = "<group>"; };
		61A02CF618EC81980021B539 /* property.h */ = {isa = PBXFileReference; fileEncoding = 4; lastKnownFileType = sourcecode.c.h; path = property.h; sourceTree = "<group>"; };
		61A02CF718EC81980021B539 /* quantize.h */ = {isa = PBXFileReference; fileEncoding = 4; lastKnownFileType = sourcecode.c.h; path = quantize.h; sourceTree = "<group>"; };
		61A02CF818EC81980021B539 /* quantum.h */ = {isa = PBXFileReference; fileEncoding = 4; lastKnownFileType = sourcecode.c.h; path = quantum.h; sourceTree = "<group>"; };
		61A02CF918EC81980021B539 /* random_.h */ = {isa = PBXFileReference; fileEncoding = 4; lastKnownFileType = sourcecode.c.h; path = random_.h; sourceTree = "<group>"; };
		61A02CFA18EC81980021B539 /* registry.h */ = {isa = PBXFileReference; fileEncoding = 4; lastKnownFileType = sourcecode.c.h; path = registry.h; sourceTree = "<group>"; };
		61A02CFB18EC81980021B539 /* resample.h */ = {isa = PBXFileReference; fileEncoding = 4; lastKnownFileType = sourcecode.c.h; path = resample.h; sourceTree = "<group>"; };
		61A02CFC18EC81980021B539 /* resize.h */ = {isa = PBXFileReference; fileEncoding = 4; lastKnownFileType = sourcecode.c.h; path = resize.h; sourceTree = "<group>"; };
		61A02CFD18EC81980021B539 /* resource_.h */ = {isa = PBXFileReference; fileEncoding = 4; lastKnownFileType = sourcecode.c.h; path = resource_.h; sourceTree = "<group>"; };
		61A02CFE18EC81980021B539 /* segment.h */ = {isa = PBXFileReference; fileEncoding = 4; lastKnownFileType = sourcecode.c.h; path = segment.h; sourceTree = "<group>"; };
		61A02CFF18EC81980021B539 /* semaphore.h */ = {isa = PBXFileReference; fileEncoding = 4; lastKnownFileType = sourcecode.c.h; path = semaphore.h; sourceTree = "<group>"; };
		61A02D0018EC81980021B539 /* shear.h */ = {isa = PBXFileReference; fileEncoding = 4; lastKnownFileType = sourcecode.c.h; path = shear.h; sourceTree = "<group>"; };
		61A02D0118EC81980021B539 /* signature.h */ = {isa = PBXFileReference; fileEncoding = 4; lastKnownFileType = sourcecode.c.h; path = signature.h; sourceTree = "<group>"; };
		61A02D0218EC81980021B539 /* splay-tree.h */ = {isa = PBXFileReference; fileEncoding = 4; lastKnownFileType = sourcecode.c.h; path = "splay-tree.h"; sourceTree = "<group>"; };
		61A02D0318EC81980021B539 /* statistic.h */ = {isa = PBXFileReference; fileEncoding = 4; lastKnownFileType = sourcecode.c.h; path = statistic.h; sourceTree = "<group>"; };
		61A02D0418EC81980021B539 /* stream.h */ = {isa = PBXFileReference; fileEncoding = 4; lastKnownFileType = sourcecode.c.h; path = stream.h; sourceTree = "<group>"; };
		61A02D0518EC81980021B539 /* string_.h */ = {isa = PBXFileReference; fileEncoding = 4; lastKnownFileType = sourcecode.c.h; path = string_.h; sourceTree = "<group>"; };
		61A02D0618EC81980021B539 /* studio.h */ = {isa = PBXFileReference; fileEncoding = 4; lastKnownFileType = sourcecode.c.h; path = studio.h; sourceTree = "<group>"; };
		61A02D0718EC81980021B539 /* threshold.h */ = {isa = PBXFileReference; fileEncoding = 4; lastKnownFileType = sourcecode.c.h; path = threshold.h; sourceTree = "<group>"; };
		61A02D0818EC81980021B539 /* timer.h */ = {isa = PBXFileReference; fileEncoding = 4; lastKnownFileType = sourcecode.c.h; path = timer.h; sourceTree = "<group>"; };
		61A02D0918EC81980021B539 /* token.h */ = {isa = PBXFileReference; fileEncoding = 4; lastKnownFileType = sourcecode.c.h; path = token.h; sourceTree = "<group>"; };
		61A02D0A18EC81980021B539 /* transform.h */ = {isa = PBXFileReference; fileEncoding = 4; lastKnownFileType = sourcecode.c.h; path = transform.h; sourceTree = "<group>"; };
		61A02D0B18EC81980021B539 /* type.h */ = {isa = PBXFileReference; fileEncoding = 4; lastKnownFileType = sourcecode.c.h; path = type.h; sourceTree = "<group>"; };
		61A02D0C18EC81980021B539 /* utility.h */ = {isa = PBXFileReference; fileEncoding = 4; lastKnownFileType = sourcecode.c.h; path = utility.h; sourceTree = "<group>"; };
		61A02D0D18EC81980021B539 /* version.h */ = {isa = PBXFileReference; fileEncoding = 4; lastKnownFileType = sourcecode.c.h; path = version.h; sourceTree = "<group>"; };
		61A02D0E18EC81980021B539 /* widget.h */ = {isa = PBXFileReference; fileEncoding = 4; lastKnownFileType = sourcecode.c.h; path = widget.h; sourceTree = "<group>"; };
		61A02D0F18EC81980021B539 /* xml-tree.h */ = {isa = PBXFileReference; fileEncoding = 4; lastKnownFileType = sourcecode.c.h; path = "xml-tree.h"; sourceTree = "<group>"; };
		61A02D1018EC81980021B539 /* xwindow.h */ = {isa = PBXFileReference; fileEncoding = 4; lastKnownFileType = sourcecode.c.h; path = xwindow.h; sourceTree = "<group>"; };
		61A02D1218EC81980021B539 /* png.h */ = {isa = PBXFileReference; fileEncoding = 4; lastKnownFileType = sourcecode.c.h; path = png.h; sourceTree = "<group>"; };
		61A02D1318EC81980021B539 /* pngconf.h */ = {isa = PBXFileReference; fileEncoding = 4; lastKnownFileType = sourcecode.c.h; path = pngconf.h; sourceTree = "<group>"; };
		61A02D1418EC81980021B539 /* pnglibconf.h */ = {isa = PBXFileReference; fileEncoding = 4; lastKnownFileType = sourcecode.c.h; path = pnglibconf.h; sourceTree = "<group>"; };
		61A02D1618EC81980021B539 /* tiff.h */ = {isa = PBXFileReference; fileEncoding = 4; lastKnownFileType = sourcecode.c.h; path = tiff.h; sourceTree = "<group>"; };
		61A02D1718EC81980021B539 /* tiffconf.h */ = {isa = PBXFileReference; fileEncoding = 4; lastKnownFileType = sourcecode.c.h; path = tiffconf.h; sourceTree = "<group>"; };
		61A02D1818EC81980021B539 /* tiffio.h */ = {isa = PBXFileReference; fileEncoding = 4; lastKnownFileType = sourcecode.c.h; path = tiffio.h; sourceTree = "<group>"; };
		61A02D1918EC81980021B539 /* tiffvers.h */ = {isa = PBXFileReference; fileEncoding = 4; lastKnownFileType = sourcecode.c.h; path = tiffvers.h; sourceTree = "<group>"; };
		61A02D1B18EC81980021B539 /* animate.h */ = {isa = PBXFileReference; fileEncoding = 4; lastKnownFileType = sourcecode.c.h; path = animate.h; sourceTree = "<group>"; };
		61A02D1C18EC81980021B539 /* compare.h */ = {isa = PBXFileReference; fileEncoding = 4; lastKnownFileType = sourcecode.c.h; path = compare.h; sourceTree = "<group>"; };
		61A02D1D18EC81980021B539 /* composite.h */ = {isa = PBXFileReference; fileEncoding = 4; lastKnownFileType = sourcecode.c.h; path = composite.h; sourceTree = "<group>"; };
		61A02D1E18EC81980021B539 /* conjure.h */ = {isa = PBXFileReference; fileEncoding = 4; lastKnownFileType = sourcecode.c.h; path = conjure.h; sourceTree = "<group>"; };
		61A02D1F18EC81980021B539 /* convert.h */ = {isa = PBXFileReference; fileEncoding = 4; lastKnownFileType = sourcecode.c.h; path = convert.h; sourceTree = "<group>"; };
		61A02D2018EC81980021B539 /* deprecate.h */ = {isa = PBXFileReference; fileEncoding = 4; lastKnownFileType = sourcecode.c.h; path = deprecate.h; sourceTree = "<group>"; };
		61A02D2118EC81980021B539 /* display.h */ = {isa = PBXFileReference; fileEncoding = 4; lastKnownFileType = sourcecode.c.h; path = display.h; sourceTree = "<group>"; };
		61A02D2218EC81980021B539 /* drawing-wand.h */ = {isa = PBXFileReference; fileEncoding = 4; lastKnownFileType = sourcecode.c.h; path = "drawing-wand.h"; sourceTree = "<group>"; };
		61A02D2318EC81980021B539 /* identify.h */ = {isa = PBXFileReference; fileEncoding = 4; lastKnownFileType = sourcecode.c.h; path = identify.h; sourceTree = "<group>"; };
		61A02D2418EC81980021B539 /* import.h */ = {isa = PBXFileReference; fileEncoding = 4; lastKnownFileType = sourcecode.c.h; path = import.h; sourceTree = "<group>"; };
		61A02D2518EC81980021B539 /* magick-image.h */ = {isa = PBXFileReference; fileEncoding = 4; lastKnownFileType = sourcecode.c.h; path = "magick-image.h"; sourceTree = "<group>"; };
		61A02D2618EC81980021B539 /* magick-property.h */ = {isa = PBXFileReference; fileEncoding = 4; lastKnownFileType = sourcecode.c.h; path = "magick-property.h"; sourceTree = "<group>"; };
		61A02D2718EC81980021B539 /* magick-wand.h */ = {isa = PBXFileReference; fileEncoding = 4; lastKnownFileType = sourcecode.c.h; path = "magick-wand.h"; sourceTree = "<group>"; };
		61A02D2818EC81980021B539 /* magick_wand.h */ = {isa = PBXFileReference; fileEncoding = 4; lastKnownFileType = sourcecode.c.h; path = magick_wand.h; sourceTree = "<group>"; };
		61A02D2918EC81980021B539 /* MagickWand.h */ = {isa = PBXFileReference; fileEncoding = 4; lastKnownFileType = sourcecode.c.h; path = MagickWand.h; sourceTree = "<group>"; };
		61A02D2A18EC81980021B539 /* method-attribute.h */ = {isa = PBXFileReference; fileEncoding = 4; lastKnownFileType = sourcecode.c.h; path = "method-attribute.h"; sourceTree = "<group>"; };
		61A02D2B18EC81980021B539 /* mogrify.h */ = {isa = PBXFileReference; fileEncoding = 4; lastKnownFileType = sourcecode.c.h; path = mogrify.h; sourceTree = "<group>"; };
		61A02D2C18EC81980021B539 /* montage.h */ = {isa = PBXFileReference; fileEncoding = 4; lastKnownFileType = sourcecode.c.h; path = montage.h; sourceTree = "<group>"; };
		61A02D2D18EC81980021B539 /* pixel-iterator.h */ = {isa = PBXFileReference; fileEncoding = 4; lastKnownFileType = sourcecode.c.h; path = "pixel-iterator.h"; sourceTree = "<group>"; };
		61A02D2E18EC81980021B539 /* pixel-wand.h */ = {isa = PBXFileReference; fileEncoding = 4; lastKnownFileType = sourcecode.c.h; path = "pixel-wand.h"; sourceTree = "<group>"; };
		61A02D2F18EC81980021B539 /* stream.h */ = {isa = PBXFileReference; fileEncoding = 4; lastKnownFileType = sourcecode.c.h; path = stream.h; sourceTree = "<group>"; };
		61A02D3018EC81980021B539 /* wand-view.h */ = {isa = PBXFileReference; fileEncoding = 4; lastKnownFileType = sourcecode.c.h; path = "wand-view.h"; sourceTree = "<group>"; };
		61A02D3118EC81980021B539 /* libjpeg.a */ = {isa = PBXFileReference; lastKnownFileType = archive.ar; path = libjpeg.a; sourceTree = "<group>"; };
		61A02D3218EC81980021B539 /* libMagickCore.a */ = {isa = PBXFileReference; lastKnownFileType = archive.ar; path = libMagickCore.a; sourceTree = "<group>"; };
		61A02D3318EC81980021B539 /* libMagickWand.a */ = {isa = PBXFileReference; lastKnownFileType = archive.ar; path = libMagickWand.a; sourceTree = "<group>"; };
		61A02D3418EC81980021B539 /* libpng.a */ = {isa = PBXFileReference; lastKnownFileType = archive.ar; path = libpng.a; sourceTree = "<group>"; };
		61A02D3518EC81980021B539 /* libtiff.a */ = {isa = PBXFileReference; lastKnownFileType = archive.ar; path = libtiff.a; sourceTree = "<group>"; };
		61DFE77618E196BD00374E8F /* Default-568h@2x.png */ = {isa = PBXFileReference; lastKnownFileType = image.png; path = "Default-568h@2x.png"; sourceTree = "<group>"; };
		61EC622C101EF99F00AE41D8 /* iphone.tif */ = {isa = PBXFileReference; lastKnownFileType = image.tiff; path = iphone.tif; sourceTree = "<group>"; };
		61EDE88F100CBC30001C64A9 /* benchmarks.txt */ = {isa = PBXFileReference; fileEncoding = 4; lastKnownFileType = text; path = benchmarks.txt; sourceTree = "<group>"; };
		7525A249167A614C00487B91 /* libxml2.dylib */ = {isa = PBXFileReference; lastKnownFileType = "compiled.mach-o.dylib"; name = libxml2.dylib; path = usr/lib/libxml2.dylib; sourceTree = SDKROOT; };
		8D1107310486CEB800E47090 /* IM_Test-Info.plist */ = {isa = PBXFileReference; fileEncoding = 4; lastKnownFileType = text.plist.xml; path = "IM_Test-Info.plist"; plistStructureDefinitionIdentifier = "com.apple.xcode.plist.structure-definition.iphone.info-plist"; sourceTree = "<group>"; };
/* End PBXFileReference section */

/* Begin PBXFrameworksBuildPhase section */
		1D60588F0D05DD3D006BFB54 /* Frameworks */ = {
			isa = PBXFrameworksBuildPhase;
			buildActionMask = 2147483647;
			files = (
				1D60589F0D05DD5A006BFB54 /* Foundation.framework in Frameworks */,
				1DF5F4E00D08C38300B7A737 /* UIKit.framework in Frameworks */,
				61A02D4A18EC81980021B539 /* libtiff.a in Frameworks */,
				288765A50DF7441C002DB57D /* CoreGraphics.framework in Frameworks */,
				61A02D4918EC81980021B539 /* libpng.a in Frameworks */,
				61A02D4618EC81980021B539 /* libjpeg.a in Frameworks */,
				61A02D4718EC81980021B539 /* libMagickCore.a in Frameworks */,
				7525A24B167A615400487B91 /* libxml2.dylib in Frameworks */,
				61A02D4818EC81980021B539 /* libMagickWand.a in Frameworks */,
			);
			runOnlyForDeploymentPostprocessing = 0;
		};
/* End PBXFrameworksBuildPhase section */

/* Begin PBXGroup section */
		080E96DDFE201D6D7F000001 /* Classes */ = {
			isa = PBXGroup;
			children = (
				1D3623240D0F684500981E51 /* IM_TestAppDelegate.h */,
				1D3623250D0F684500981E51 /* IM_TestAppDelegate.m */,
				28D7ACF60DDB3853001CB0EB /* IM_TestViewController.h */,
				28D7ACF70DDB3853001CB0EB /* IM_TestViewController.m */,
			);
			path = Classes;
			sourceTree = "<group>";
		};
		19C28FACFE9D520D11CA2CBB /* Products */ = {
			isa = PBXGroup;
			children = (
				1D6058910D05DD3D006BFB54 /* IM_Test.app */,
			);
			name = Products;
			sourceTree = "<group>";
		};
		29B97314FDCFA39411CA2CEA /* CustomTemplate */ = {
			isa = PBXGroup;
			children = (
				61DFE77618E196BD00374E8F /* Default-568h@2x.png */,
				080E96DDFE201D6D7F000001 /* Classes */,
				29B97315FDCFA39411CA2CEA /* Other Sources */,
				29B97317FDCFA39411CA2CEA /* Resources */,
				29B97323FDCFA39411CA2CEA /* Frameworks */,
				19C28FACFE9D520D11CA2CBB /* Products */,
			);
			name = CustomTemplate;
			sourceTree = "<group>";
		};
		29B97315FDCFA39411CA2CEA /* Other Sources */ = {
			isa = PBXGroup;
			children = (
				32CA4F630368D1EE00C91783 /* IM_Test_Prefix.pch */,
				29B97316FDCFA39411CA2CEA /* main.m */,
			);
			name = "Other Sources";
			sourceTree = "<group>";
		};
		29B97317FDCFA39411CA2CEA /* Resources */ = {
			isa = PBXGroup;
			children = (
				61EDE88F100CBC30001C64A9 /* benchmarks.txt */,
				61EC622C101EF99F00AE41D8 /* iphone.tif */,
				6188D5C310066BB300BA109F /* iphone.png */,
				2899E5210DE3E06400AC0155 /* IM_TestViewController.xib */,
				28AD733E0D9D9553002E5188 /* MainWindow.xib */,
				8D1107310486CEB800E47090 /* IM_Test-Info.plist */,
			);
			name = Resources;
			sourceTree = "<group>";
		};
		29B97323FDCFA39411CA2CEA /* Frameworks */ = {
			isa = PBXGroup;
			children = (
				7525A249167A614C00487B91 /* libxml2.dylib */,
				7525A198167A613600487B91 /* IM */,
				1DF5F4DF0D08C38300B7A737 /* UIKit.framework */,
				1D30AB110D05D00D00671497 /* Foundation.framework */,
				288765A40DF7441C002DB57D /* CoreGraphics.framework */,
			);
			name = Frameworks;
			sourceTree = "<group>";
		};
		61A02C9818EC81980021B539 /* include */ = {
			isa = PBXGroup;
			children = (
				61A02C9918EC81980021B539 /* im_config */,
				61A02CAA18EC81980021B539 /* jpeg */,
				61A02CAF18EC81980021B539 /* magick */,
				61A02D1118EC81980021B539 /* png */,
				61A02D1518EC81980021B539 /* tiff */,
				61A02D1A18EC81980021B539 /* wand */,
			);
			path = include;
			sourceTree = "<group>";
		};
		61A02C9918EC81980021B539 /* im_config */ = {
			isa = PBXGroup;
			children = (
				61A02C9A18EC81980021B539 /* coder.xml */,
				61A02C9B18EC81980021B539 /* colors.xml */,
				61A02C9C18EC81980021B539 /* delegates.xml */,
				61A02C9D18EC81980021B539 /* english.xml */,
				61A02C9E18EC81980021B539 /* francais.xml */,
				61A02C9F18EC81980021B539 /* locale.xml */,
				61A02CA018EC81980021B539 /* log.xml */,
				61A02CA118EC81980021B539 /* magic.xml */,
				61A02CA218EC81980021B539 /* mime.xml */,
				61A02CA318EC81980021B539 /* policy.xml */,
				61A02CA418EC81980021B539 /* quantization-table.xml */,
				61A02CA518EC81980021B539 /* thresholds.xml */,
				61A02CA618EC81980021B539 /* type-dejavu.xml */,
				61A02CA718EC81980021B539 /* type-ghostscript.xml */,
				61A02CA818EC81980021B539 /* type-windows.xml */,
				61A02CA918EC81980021B539 /* type.xml */,
			);
			path = im_config;
			sourceTree = "<group>";
		};
		61A02CAA18EC81980021B539 /* jpeg */ = {
			isa = PBXGroup;
			children = (
				61A02CAB18EC81980021B539 /* jconfig.h */,
				61A02CAC18EC81980021B539 /* jerror.h */,
				61A02CAD18EC81980021B539 /* jmorecfg.h */,
				61A02CAE18EC81980021B539 /* jpeglib.h */,
			);
			path = jpeg;
			sourceTree = "<group>";
		};
		61A02CAF18EC81980021B539 /* magick */ = {
			isa = PBXGroup;
			children = (
				61A02CB018EC81980021B539 /* accelerate.h */,
				61A02CB118EC81980021B539 /* animate.h */,
				61A02CB218EC81980021B539 /* annotate.h */,
				61A02CB318EC81980021B539 /* api.h */,
				61A02CB418EC81980021B539 /* artifact.h */,
				61A02CB518EC81980021B539 /* attribute.h */,
				61A02CB618EC81980021B539 /* blob.h */,
				61A02CB718EC81980021B539 /* cache-view.h */,
				61A02CB818EC81980021B539 /* cache.h */,
				61A02CB918EC81980021B539 /* channel.h */,
				61A02CBA18EC81980021B539 /* cipher.h */,
				61A02CBB18EC81980021B539 /* client.h */,
				61A02CBC18EC81980021B539 /* coder.h */,
				61A02CBD18EC81980021B539 /* color.h */,
				61A02CBE18EC81980021B539 /* colormap.h */,
				61A02CBF18EC81980021B539 /* colorspace.h */,
				61A02CC018EC81980021B539 /* compare.h */,
				61A02CC118EC81980021B539 /* composite.h */,
				61A02CC218EC81980021B539 /* compress.h */,
				61A02CC318EC81980021B539 /* configure.h */,
				61A02CC418EC81980021B539 /* constitute.h */,
				61A02CC518EC81980021B539 /* decorate.h */,
				61A02CC618EC81980021B539 /* delegate.h */,
				61A02CC718EC81980021B539 /* deprecate.h */,
				61A02CC818EC81980021B539 /* display.h */,
				61A02CC918EC81980021B539 /* distort.h */,
				61A02CCA18EC81980021B539 /* distribute-cache.h */,
				61A02CCB18EC81980021B539 /* draw.h */,
				61A02CCC18EC81980021B539 /* effect.h */,
				61A02CCD18EC81980021B539 /* enhance.h */,
				61A02CCE18EC81980021B539 /* exception.h */,
				61A02CCF18EC81980021B539 /* feature.h */,
				61A02CD018EC81980021B539 /* fourier.h */,
				61A02CD118EC81980021B539 /* fx.h */,
				61A02CD218EC81980021B539 /* gem.h */,
				61A02CD318EC81980021B539 /* geometry.h */,
				61A02CD418EC81980021B539 /* hashmap.h */,
				61A02CD518EC81980021B539 /* histogram.h */,
				61A02CD618EC81980021B539 /* identify.h */,
				61A02CD718EC81980021B539 /* image-view.h */,
				61A02CD818EC81980021B539 /* image.h */,
				61A02CD918EC81980021B539 /* ImageMagick.h */,
				61A02CDA18EC81980021B539 /* layer.h */,
				61A02CDB18EC81980021B539 /* list.h */,
				61A02CDC18EC81980021B539 /* locale_.h */,
				61A02CDD18EC81980021B539 /* log.h */,
				61A02CDE18EC81980021B539 /* magic.h */,
				61A02CDF18EC81980021B539 /* magick-baseconfig.h */,
				61A02CE018EC81980021B539 /* magick-config.h */,
				61A02CE118EC81980021B539 /* magick-type.h */,
				61A02CE218EC81980021B539 /* magick.h */,
				61A02CE318EC81980021B539 /* MagickCore.h */,
				61A02CE418EC81980021B539 /* matrix.h */,
				61A02CE518EC81980021B539 /* memory_.h */,
				61A02CE618EC81980021B539 /* method-attribute.h */,
				61A02CE718EC81980021B539 /* methods.h */,
				61A02CE818EC81980021B539 /* mime.h */,
				61A02CE918EC81980021B539 /* module.h */,
				61A02CEA18EC81980021B539 /* monitor.h */,
				61A02CEB18EC81980021B539 /* montage.h */,
				61A02CEC18EC81980021B539 /* morphology.h */,
				61A02CED18EC81980021B539 /* opencl.h */,
				61A02CEE18EC81980021B539 /* option.h */,
				61A02CEF18EC81980021B539 /* paint.h */,
				61A02CF018EC81980021B539 /* pixel-accessor.h */,
				61A02CF118EC81980021B539 /* pixel.h */,
				61A02CF218EC81980021B539 /* policy.h */,
				61A02CF318EC81980021B539 /* prepress.h */,
				61A02CF418EC81980021B539 /* PreRvIcccm.h */,
				61A02CF518EC81980021B539 /* profile.h */,
				61A02CF618EC81980021B539 /* property.h */,
				61A02CF718EC81980021B539 /* quantize.h */,
				61A02CF818EC81980021B539 /* quantum.h */,
				61A02CF918EC81980021B539 /* random_.h */,
				61A02CFA18EC81980021B539 /* registry.h */,
				61A02CFB18EC81980021B539 /* resample.h */,
				61A02CFC18EC81980021B539 /* resize.h */,
				61A02CFD18EC81980021B539 /* resource_.h */,
				61A02CFE18EC81980021B539 /* segment.h */,
				61A02CFF18EC81980021B539 /* semaphore.h */,
				61A02D0018EC81980021B539 /* shear.h */,
				61A02D0118EC81980021B539 /* signature.h */,
				61A02D0218EC81980021B539 /* splay-tree.h */,
				61A02D0318EC81980021B539 /* statistic.h */,
				61A02D0418EC81980021B539 /* stream.h */,
				61A02D0518EC81980021B539 /* string_.h */,
				61A02D0618EC81980021B539 /* studio.h */,
				61A02D0718EC81980021B539 /* threshold.h */,
				61A02D0818EC81980021B539 /* timer.h */,
				61A02D0918EC81980021B539 /* token.h */,
				61A02D0A18EC81980021B539 /* transform.h */,
				61A02D0B18EC81980021B539 /* type.h */,
				61A02D0C18EC81980021B539 /* utility.h */,
				61A02D0D18EC81980021B539 /* version.h */,
				61A02D0E18EC81980021B539 /* widget.h */,
				61A02D0F18EC81980021B539 /* xml-tree.h */,
				61A02D1018EC81980021B539 /* xwindow.h */,
			);
			path = magick;
			sourceTree = "<group>";
		};
		61A02D1118EC81980021B539 /* png */ = {
			isa = PBXGroup;
			children = (
				61A02D1218EC81980021B539 /* png.h */,
				61A02D1318EC81980021B539 /* pngconf.h */,
				61A02D1418EC81980021B539 /* pnglibconf.h */,
			);
			path = png;
			sourceTree = "<group>";
		};
		61A02D1518EC81980021B539 /* tiff */ = {
			isa = PBXGroup;
			children = (
				61A02D1618EC81980021B539 /* tiff.h */,
				61A02D1718EC81980021B539 /* tiffconf.h */,
				61A02D1818EC81980021B539 /* tiffio.h */,
				61A02D1918EC81980021B539 /* tiffvers.h */,
			);
			path = tiff;
			sourceTree = "<group>";
		};
		61A02D1A18EC81980021B539 /* wand */ = {
			isa = PBXGroup;
			children = (
				61A02D1B18EC81980021B539 /* animate.h */,
				61A02D1C18EC81980021B539 /* compare.h */,
				61A02D1D18EC81980021B539 /* composite.h */,
				61A02D1E18EC81980021B539 /* conjure.h */,
				61A02D1F18EC81980021B539 /* convert.h */,
				61A02D2018EC81980021B539 /* deprecate.h */,
				61A02D2118EC81980021B539 /* display.h */,
				61A02D2218EC81980021B539 /* drawing-wand.h */,
				61A02D2318EC81980021B539 /* identify.h */,
				61A02D2418EC81980021B539 /* import.h */,
				61A02D2518EC81980021B539 /* magick-image.h */,
				61A02D2618EC81980021B539 /* magick-property.h */,
				61A02D2718EC81980021B539 /* magick-wand.h */,
				61A02D2818EC81980021B539 /* magick_wand.h */,
				61A02D2918EC81980021B539 /* MagickWand.h */,
				61A02D2A18EC81980021B539 /* method-attribute.h */,
				61A02D2B18EC81980021B539 /* mogrify.h */,
				61A02D2C18EC81980021B539 /* montage.h */,
				61A02D2D18EC81980021B539 /* pixel-iterator.h */,
				61A02D2E18EC81980021B539 /* pixel-wand.h */,
				61A02D2F18EC81980021B539 /* stream.h */,
				61A02D3018EC81980021B539 /* wand-view.h */,
			);
			path = wand;
			sourceTree = "<group>";
		};
		7525A198167A613600487B91 /* IM */ = {
			isa = PBXGroup;
			children = (
				61A02C9818EC81980021B539 /* include */,
				61A02D3118EC81980021B539 /* libjpeg.a */,
				61A02D3218EC81980021B539 /* libMagickCore.a */,
				61A02D3318EC81980021B539 /* libMagickWand.a */,
				61A02D3418EC81980021B539 /* libpng.a */,
				61A02D3518EC81980021B539 /* libtiff.a */,
			);
			path = IM;
			sourceTree = "<group>";
		};
/* End PBXGroup section */

/* Begin PBXNativeTarget section */
		1D6058900D05DD3D006BFB54 /* IM_Test */ = {
			isa = PBXNativeTarget;
			buildConfigurationList = 1D6058960D05DD3E006BFB54 /* Build configuration list for PBXNativeTarget "IM_Test" */;
			buildPhases = (
				1D60588D0D05DD3D006BFB54 /* Resources */,
				1D60588E0D05DD3D006BFB54 /* Sources */,
				1D60588F0D05DD3D006BFB54 /* Frameworks */,
			);
			buildRules = (
			);
			dependencies = (
			);
			name = IM_Test;
			productName = IM_Test;
			productReference = 1D6058910D05DD3D006BFB54 /* IM_Test.app */;
			productType = "com.apple.product-type.application";
		};
/* End PBXNativeTarget section */

/* Begin PBXProject section */
		29B97313FDCFA39411CA2CEA /* Project object */ = {
			isa = PBXProject;
			attributes = {
				LastUpgradeCheck = 0510;
				TargetAttributes = {
					1D6058900D05DD3D006BFB54 = {
						DevelopmentTeam = T82Z6CGNMT;
					};
				};
			};
			buildConfigurationList = C01FCF4E08A954540054247B /* Build configuration list for PBXProject "IM_Test" */;
			compatibilityVersion = "Xcode 3.2";
			developmentRegion = English;
			hasScannedForEncodings = 1;
			knownRegions = (
				English,
				Japanese,
				French,
				German,
			);
			mainGroup = 29B97314FDCFA39411CA2CEA /* CustomTemplate */;
			projectDirPath = "";
			projectRoot = "";
			targets = (
				1D6058900D05DD3D006BFB54 /* IM_Test */,
			);
		};
/* End PBXProject section */

/* Begin PBXResourcesBuildPhase section */
		1D60588D0D05DD3D006BFB54 /* Resources */ = {
			isa = PBXResourcesBuildPhase;
			buildActionMask = 2147483647;
			files = (
				61A02D3C18EC81980021B539 /* log.xml in Resources */,
				61A02D4018EC81980021B539 /* quantization-table.xml in Resources */,
				61A02D3F18EC81980021B539 /* policy.xml in Resources */,
				61A02D4118EC81980021B539 /* thresholds.xml in Resources */,
				61A02D3B18EC81980021B539 /* locale.xml in Resources */,
				61A02D4418EC81980021B539 /* type-windows.xml in Resources */,
				28AD733F0D9D9553002E5188 /* MainWindow.xib in Resources */,
				61A02D4218EC81980021B539 /* type-dejavu.xml in Resources */,
				2899E5220DE3E06400AC0155 /* IM_TestViewController.xib in Resources */,
				61A02D3818EC81980021B539 /* delegates.xml in Resources */,
				6188D5C410066BB300BA109F /* iphone.png in Resources */,
				61A02D3618EC81980021B539 /* coder.xml in Resources */,
				61A02D4518EC81980021B539 /* type.xml in Resources */,
				61EC622D101EF99F00AE41D8 /* iphone.tif in Resources */,
				61A02D3A18EC81980021B539 /* francais.xml in Resources */,
				61A02D3918EC81980021B539 /* english.xml in Resources */,
				61A02D3D18EC81980021B539 /* magic.xml in Resources */,
				61A02D4318EC81980021B539 /* type-ghostscript.xml in Resources */,
				61A02D3E18EC81980021B539 /* mime.xml in Resources */,
				61A02D3718EC81980021B539 /* colors.xml in Resources */,
				61DFE77718E196BD00374E8F /* Default-568h@2x.png in Resources */,
			);
			runOnlyForDeploymentPostprocessing = 0;
		};
/* End PBXResourcesBuildPhase section */

/* Begin PBXSourcesBuildPhase section */
		1D60588E0D05DD3D006BFB54 /* Sources */ = {
			isa = PBXSourcesBuildPhase;
			buildActionMask = 2147483647;
			files = (
				1D60589B0D05DD56006BFB54 /* main.m in Sources */,
				1D3623260D0F684500981E51 /* IM_TestAppDelegate.m in Sources */,
				28D7ACF80DDB3853001CB0EB /* IM_TestViewController.m in Sources */,
			);
			runOnlyForDeploymentPostprocessing = 0;
		};
/* End PBXSourcesBuildPhase section */

/* Begin XCBuildConfiguration section */
		1D6058940D05DD3E006BFB54 /* Debug */ = {
			isa = XCBuildConfiguration;
			buildSettings = {
				ALWAYS_SEARCH_USER_PATHS = NO;
				CODE_SIGN_IDENTITY = "iPhone Developer";
				"CODE_SIGN_IDENTITY[sdk=iphoneos*]" = "iPhone Developer";
				COPY_PHASE_STRIP = NO;
				GCC_DYNAMIC_NO_PIC = NO;
				GCC_OPTIMIZATION_LEVEL = 0;
				GCC_PRECOMPILE_PREFIX_HEADER = YES;
				GCC_PREFIX_HEADER = IM_Test_Prefix.pch;
				GCC_VERSION = com.apple.compilers.llvm.clang.1_0;
				INFOPLIST_FILE = "IM_Test-Info.plist";
				LIBRARY_SEARCH_PATHS = (
					"$(inherited)",
					"$(SRCROOT)",
					"\"$(SRCROOT)/IM\"",
					"$(PROJECT_DIR)/IM",
				);
				PRODUCT_NAME = IM_Test;
				PROVISIONING_PROFILE = "";
				"PROVISIONING_PROFILE[sdk=iphoneos*]" = "";
				SDKROOT = iphoneos;
			};
			name = Debug;
		};
		1D6058950D05DD3E006BFB54 /* Release */ = {
			isa = XCBuildConfiguration;
			buildSettings = {
				ALWAYS_SEARCH_USER_PATHS = NO;
				CODE_SIGN_IDENTITY = "iPhone Developer";
				"CODE_SIGN_IDENTITY[sdk=iphoneos*]" = "iPhone Developer";
				COPY_PHASE_STRIP = YES;
				GCC_PRECOMPILE_PREFIX_HEADER = YES;
				GCC_PREFIX_HEADER = IM_Test_Prefix.pch;
				GCC_VERSION = com.apple.compilers.llvm.clang.1_0;
				INFOPLIST_FILE = "IM_Test-Info.plist";
				LIBRARY_SEARCH_PATHS = (
					"$(inherited)",
					"$(SRCROOT)",
					"\"$(SRCROOT)/IM\"",
					"$(PROJECT_DIR)/IM",
				);
				PRODUCT_NAME = IM_Test;
				PROVISIONING_PROFILE = "";
				"PROVISIONING_PROFILE[sdk=iphoneos*]" = "";
				SDKROOT = iphoneos;
			};
			name = Release;
		};
		C01FCF4F08A954540054247B /* Debug */ = {
			isa = XCBuildConfiguration;
			buildSettings = {
				CODE_SIGN_IDENTITY = "iPhone Developer: Claudio Marforio (BY6UKAFTLP)";
				"CODE_SIGN_IDENTITY[sdk=iphoneos*]" = "iPhone Developer: Claudio Marforio (BY6UKAFTLP)";
				GCC_C_LANGUAGE_STANDARD = c99;
				GCC_VERSION = com.apple.compilers.llvmgcc42;
				GCC_WARN_ABOUT_RETURN_TYPE = YES;
				GCC_WARN_UNUSED_VARIABLE = YES;
				HEADER_SEARCH_PATHS = "\"$(SRCROOT)/\"/**";
				IPHONEOS_DEPLOYMENT_TARGET = 3.1;
				LIBRARY_SEARCH_PATHS = "\"$(SRCROOT)/\"/**";
				ONLY_ACTIVE_ARCH = YES;
				OTHER_CFLAGS = "-Dmacintosh=1";
				OTHER_LDFLAGS = (
					"-lMagickCore",
					"-lMagickWand",
					"-lz",
					"-lbz2",
					"-ljpeg",
					"-lpng",
				);
				PREBINDING = NO;
				PROVISIONING_PROFILE = "75C705FA-EA8B-4AD3-BB63-D04D3DC9C305";
				"PROVISIONING_PROFILE[sdk=iphoneos*]" = "75C705FA-EA8B-4AD3-BB63-D04D3DC9C305";
				SDKROOT = iphoneos;
			};
			name = Debug;
		};
		C01FCF5008A954540054247B /* Release */ = {
			isa = XCBuildConfiguration;
			buildSettings = {
				CODE_SIGN_IDENTITY = "iPhone Developer: Claudio Marforio (BY6UKAFTLP)";
				"CODE_SIGN_IDENTITY[sdk=iphoneos*]" = "iPhone Developer: Claudio Marforio (BY6UKAFTLP)";
				GCC_C_LANGUAGE_STANDARD = c99;
				GCC_VERSION = com.apple.compilers.llvmgcc42;
				GCC_WARN_ABOUT_RETURN_TYPE = YES;
				GCC_WARN_UNUSED_VARIABLE = YES;
				HEADER_SEARCH_PATHS = "\"$(SRCROOT)/\"/**";
				IPHONEOS_DEPLOYMENT_TARGET = 3.1;
				LIBRARY_SEARCH_PATHS = "\"$(SRCROOT)/\"/**";
				OTHER_CFLAGS = "-Dmacintosh=1";
				OTHER_LDFLAGS = (
					"-lMagickCore",
					"-lMagickWand",
					"-lbz2",
					"-lz",
					"-ljpeg",
					"-lpng",
				);
				PREBINDING = NO;
				PROVISIONING_PROFILE = "75C705FA-EA8B-4AD3-BB63-D04D3DC9C305";
				"PROVISIONING_PROFILE[sdk=iphoneos*]" = "75C705FA-EA8B-4AD3-BB63-D04D3DC9C305";
				SDKROOT = iphoneos;
			};
			name = Release;
		};
/* End XCBuildConfiguration section */

/* Begin XCConfigurationList section */
		1D6058960D05DD3E006BFB54 /* Build configuration list for PBXNativeTarget "IM_Test" */ = {
			isa = XCConfigurationList;
			buildConfigurations = (
				1D6058940D05DD3E006BFB54 /* Debug */,
				1D6058950D05DD3E006BFB54 /* Release */,
			);
			defaultConfigurationIsVisible = 0;
			defaultConfigurationName = Release;
		};
		C01FCF4E08A954540054247B /* Build configuration list for PBXProject "IM_Test" */ = {
			isa = XCConfigurationList;
			buildConfigurations = (
				C01FCF4F08A954540054247B /* Debug */,
				C01FCF5008A954540054247B /* Release */,
			);
			defaultConfigurationIsVisible = 0;
			defaultConfigurationName = Release;
		};
/* End XCConfigurationList section */
	};
	rootObject = 29B97313FDCFA39411CA2CEA /* Project object */;
}
