// !$*UTF8*$!
{
	archiveVersion = 1;
	classes = {
	};
	objectVersion = 45;
	objects = {

/* Begin PBXBuildFile section */
		1D3623260D0F684500981E51 /* IM_TestAppDelegate.m in Sources */ = {isa = PBXBuildFile; fileRef = 1D3623250D0F684500981E51 /* IM_TestAppDelegate.m */; };
		1D60589B0D05DD56006BFB54 /* main.m in Sources */ = {isa = PBXBuildFile; fileRef = 29B97316FDCFA39411CA2CEA /* main.m */; };
		1D60589F0D05DD5A006BFB54 /* Foundation.framework in Frameworks */ = {isa = PBXBuildFile; fileRef = 1D30AB110D05D00D00671497 /* Foundation.framework */; };
		1DF5F4E00D08C38300B7A737 /* UIKit.framework in Frameworks */ = {isa = PBXBuildFile; fileRef = 1DF5F4DF0D08C38300B7A737 /* UIKit.framework */; };
		288765A50DF7441C002DB57D /* CoreGraphics.framework in Frameworks */ = {isa = PBXBuildFile; fileRef = 288765A40DF7441C002DB57D /* CoreGraphics.framework */; };
		2899E5220DE3E06400AC0155 /* IM_TestViewController.xib in Resources */ = {isa = PBXBuildFile; fileRef = 2899E5210DE3E06400AC0155 /* IM_TestViewController.xib */; };
		28AD733F0D9D9553002E5188 /* MainWindow.xib in Resources */ = {isa = PBXBuildFile; fileRef = 28AD733E0D9D9553002E5188 /* MainWindow.xib */; };
		28D7ACF80DDB3853001CB0EB /* IM_TestViewController.m in Sources */ = {isa = PBXBuildFile; fileRef = 28D7ACF70DDB3853001CB0EB /* IM_TestViewController.m */; };
		6188D5C410066BB300BA109F /* iphone.png in Resources */ = {isa = PBXBuildFile; fileRef = 6188D5C310066BB300BA109F /* iphone.png */; };
		61EC622D101EF99F00AE41D8 /* iphone.tif in Resources */ = {isa = PBXBuildFile; fileRef = 61EC622C101EF99F00AE41D8 /* iphone.tif */; };
		7525A234167A613600487B91 /* coder.xml in Resources */ = {isa = PBXBuildFile; fileRef = 7525A19B167A613600487B91 /* coder.xml */; };
		7525A235167A613600487B91 /* colors.xml in Resources */ = {isa = PBXBuildFile; fileRef = 7525A19C167A613600487B91 /* colors.xml */; };
		7525A236167A613600487B91 /* delegates.xml in Resources */ = {isa = PBXBuildFile; fileRef = 7525A19D167A613600487B91 /* delegates.xml */; };
		7525A237167A613600487B91 /* english.xml in Resources */ = {isa = PBXBuildFile; fileRef = 7525A19E167A613600487B91 /* english.xml */; };
		7525A238167A613600487B91 /* francais.xml in Resources */ = {isa = PBXBuildFile; fileRef = 7525A19F167A613600487B91 /* francais.xml */; };
		7525A239167A613600487B91 /* locale.xml in Resources */ = {isa = PBXBuildFile; fileRef = 7525A1A0167A613600487B91 /* locale.xml */; };
		7525A23A167A613600487B91 /* log.xml in Resources */ = {isa = PBXBuildFile; fileRef = 7525A1A1167A613600487B91 /* log.xml */; };
		7525A23B167A613600487B91 /* magic.xml in Resources */ = {isa = PBXBuildFile; fileRef = 7525A1A2167A613600487B91 /* magic.xml */; };
		7525A23C167A613600487B91 /* mime.xml in Resources */ = {isa = PBXBuildFile; fileRef = 7525A1A3167A613600487B91 /* mime.xml */; };
		7525A23D167A613600487B91 /* policy.xml in Resources */ = {isa = PBXBuildFile; fileRef = 7525A1A4167A613600487B91 /* policy.xml */; };
		7525A23E167A613600487B91 /* quantization-table.xml in Resources */ = {isa = PBXBuildFile; fileRef = 7525A1A5167A613600487B91 /* quantization-table.xml */; };
		7525A23F167A613600487B91 /* thresholds.xml in Resources */ = {isa = PBXBuildFile; fileRef = 7525A1A6167A613600487B91 /* thresholds.xml */; };
		7525A240167A613600487B91 /* type-dejavu.xml in Resources */ = {isa = PBXBuildFile; fileRef = 7525A1A7167A613600487B91 /* type-dejavu.xml */; };
		7525A241167A613600487B91 /* type-ghostscript.xml in Resources */ = {isa = PBXBuildFile; fileRef = 7525A1A8167A613600487B91 /* type-ghostscript.xml */; };
		7525A242167A613600487B91 /* type-windows.xml in Resources */ = {isa = PBXBuildFile; fileRef = 7525A1A9167A613600487B91 /* type-windows.xml */; };
		7525A243167A613600487B91 /* type.xml in Resources */ = {isa = PBXBuildFile; fileRef = 7525A1AA167A613600487B91 /* type.xml */; };
		7525A244167A613600487B91 /* libjpeg.a in Frameworks */ = {isa = PBXBuildFile; fileRef = 7525A22F167A613600487B91 /* libjpeg.a */; };
		7525A245167A613600487B91 /* libMagickCore.a in Frameworks */ = {isa = PBXBuildFile; fileRef = 7525A230167A613600487B91 /* libMagickCore.a */; };
		7525A246167A613600487B91 /* libMagickWand.a in Frameworks */ = {isa = PBXBuildFile; fileRef = 7525A231167A613600487B91 /* libMagickWand.a */; };
		7525A247167A613600487B91 /* libpng.a in Frameworks */ = {isa = PBXBuildFile; fileRef = 7525A232167A613600487B91 /* libpng.a */; };
		7525A248167A613600487B91 /* libtiff.a in Frameworks */ = {isa = PBXBuildFile; fileRef = 7525A233167A613600487B91 /* libtiff.a */; };
		7525A24B167A615400487B91 /* libxml2.dylib in Frameworks */ = {isa = PBXBuildFile; fileRef = 7525A249167A614C00487B91 /* libxml2.dylib */; };
/* End PBXBuildFile section */

/* Begin PBXFileReference section */
		1D30AB110D05D00D00671497 /* Foundation.framework */ = {isa = PBXFileReference; lastKnownFileType = wrapper.framework; name = Foundation.framework; path = System/Library/Frameworks/Foundation.framework; sourceTree = SDKROOT; };
		1D3623240D0F684500981E51 /* IM_TestAppDelegate.h */ = {isa = PBXFileReference; fileEncoding = 4; lastKnownFileType = sourcecode.c.h; path = IM_TestAppDelegate.h; sourceTree = "<group>"; };
		1D3623250D0F684500981E51 /* IM_TestAppDelegate.m */ = {isa = PBXFileReference; fileEncoding = 4; lastKnownFileType = sourcecode.c.objc; path = IM_TestAppDelegate.m; sourceTree = "<group>"; };
		1D6058910D05DD3D006BFB54 /* IM_Test.app */ = {isa = PBXFileReference; explicitFileType = wrapper.application; includeInIndex = 0; path = IM_Test.app; sourceTree = BUILT_PRODUCTS_DIR; };
		1DF5F4DF0D08C38300B7A737 /* UIKit.framework */ = {isa = PBXFileReference; lastKnownFileType = wrapper.framework; name = UIKit.framework; path = System/Library/Frameworks/UIKit.framework; sourceTree = SDKROOT; };
		288765A40DF7441C002DB57D /* CoreGraphics.framework */ = {isa = PBXFileReference; lastKnownFileType = wrapper.framework; name = CoreGraphics.framework; path = System/Library/Frameworks/CoreGraphics.framework; sourceTree = SDKROOT; };
		2899E5210DE3E06400AC0155 /* IM_TestViewController.xib */ = {isa = PBXFileReference; lastKnownFileType = file.xib; path = IM_TestViewController.xib; sourceTree = "<group>"; };
		28AD733E0D9D9553002E5188 /* MainWindow.xib */ = {isa = PBXFileReference; lastKnownFileType = file.xib; path = MainWindow.xib; sourceTree = "<group>"; };
		28D7ACF60DDB3853001CB0EB /* IM_TestViewController.h */ = {isa = PBXFileReference; fileEncoding = 4; lastKnownFileType = sourcecode.c.h; path = IM_TestViewController.h; sourceTree = "<group>"; };
		28D7ACF70DDB3853001CB0EB /* IM_TestViewController.m */ = {isa = PBXFileReference; fileEncoding = 4; lastKnownFileType = sourcecode.c.objc; path = IM_TestViewController.m; sourceTree = "<group>"; };
		29B97316FDCFA39411CA2CEA /* main.m */ = {isa = PBXFileReference; fileEncoding = 4; lastKnownFileType = sourcecode.c.objc; path = main.m; sourceTree = "<group>"; };
		32CA4F630368D1EE00C91783 /* IM_Test_Prefix.pch */ = {isa = PBXFileReference; fileEncoding = 4; lastKnownFileType = sourcecode.c.h; path = IM_Test_Prefix.pch; sourceTree = "<group>"; };
		6188D5C310066BB300BA109F /* iphone.png */ = {isa = PBXFileReference; lastKnownFileType = image.png; path = iphone.png; sourceTree = "<group>"; };
		61EC622C101EF99F00AE41D8 /* iphone.tif */ = {isa = PBXFileReference; lastKnownFileType = image.tiff; path = iphone.tif; sourceTree = "<group>"; };
		61EDE88F100CBC30001C64A9 /* benchmarks.txt */ = {isa = PBXFileReference; fileEncoding = 4; lastKnownFileType = text; path = benchmarks.txt; sourceTree = "<group>"; };
		7525A19B167A613600487B91 /* coder.xml */ = {isa = PBXFileReference; fileEncoding = 4; lastKnownFileType = text.xml; path = coder.xml; sourceTree = "<group>"; };
		7525A19C167A613600487B91 /* colors.xml */ = {isa = PBXFileReference; fileEncoding = 4; lastKnownFileType = text.xml; path = colors.xml; sourceTree = "<group>"; };
		7525A19D167A613600487B91 /* delegates.xml */ = {isa = PBXFileReference; fileEncoding = 4; lastKnownFileType = text.xml; path = delegates.xml; sourceTree = "<group>"; };
		7525A19E167A613600487B91 /* english.xml */ = {isa = PBXFileReference; fileEncoding = 4; lastKnownFileType = text.xml; path = english.xml; sourceTree = "<group>"; };
		7525A19F167A613600487B91 /* francais.xml */ = {isa = PBXFileReference; fileEncoding = 4; lastKnownFileType = text.xml; path = francais.xml; sourceTree = "<group>"; };
		7525A1A0167A613600487B91 /* locale.xml */ = {isa = PBXFileReference; fileEncoding = 4; lastKnownFileType = text.xml; path = locale.xml; sourceTree = "<group>"; };
		7525A1A1167A613600487B91 /* log.xml */ = {isa = PBXFileReference; fileEncoding = 4; lastKnownFileType = text.xml; path = log.xml; sourceTree = "<group>"; };
		7525A1A2167A613600487B91 /* magic.xml */ = {isa = PBXFileReference; fileEncoding = 4; lastKnownFileType = text.xml; path = magic.xml; sourceTree = "<group>"; };
		7525A1A3167A613600487B91 /* mime.xml */ = {isa = PBXFileReference; fileEncoding = 4; lastKnownFileType = text.xml; path = mime.xml; sourceTree = "<group>"; };
		7525A1A4167A613600487B91 /* policy.xml */ = {isa = PBXFileReference; fileEncoding = 4; lastKnownFileType = text.xml; path = policy.xml; sourceTree = "<group>"; };
		7525A1A5167A613600487B91 /* quantization-table.xml */ = {isa = PBXFileReference; fileEncoding = 4; lastKnownFileType = text.xml; path = "quantization-table.xml"; sourceTree = "<group>"; };
		7525A1A6167A613600487B91 /* thresholds.xml */ = {isa = PBXFileReference; fileEncoding = 4; lastKnownFileType = text.xml; path = thresholds.xml; sourceTree = "<group>"; };
		7525A1A7167A613600487B91 /* type-dejavu.xml */ = {isa = PBXFileReference; fileEncoding = 4; lastKnownFileType = text.xml; path = "type-dejavu.xml"; sourceTree = "<group>"; };
		7525A1A8167A613600487B91 /* type-ghostscript.xml */ = {isa = PBXFileReference; fileEncoding = 4; lastKnownFileType = text.xml; path = "type-ghostscript.xml"; sourceTree = "<group>"; };
		7525A1A9167A613600487B91 /* type-windows.xml */ = {isa = PBXFileReference; fileEncoding = 4; lastKnownFileType = text.xml; path = "type-windows.xml"; sourceTree = "<group>"; };
		7525A1AA167A613600487B91 /* type.xml */ = {isa = PBXFileReference; fileEncoding = 4; lastKnownFileType = text.xml; path = type.xml; sourceTree = "<group>"; };
		7525A1AC167A613600487B91 /* jconfig.h */ = {isa = PBXFileReference; fileEncoding = 4; lastKnownFileType = sourcecode.c.h; path = jconfig.h; sourceTree = "<group>"; };
		7525A1AD167A613600487B91 /* jerror.h */ = {isa = PBXFileReference; fileEncoding = 4; lastKnownFileType = sourcecode.c.h; path = jerror.h; sourceTree = "<group>"; };
		7525A1AE167A613600487B91 /* jmorecfg.h */ = {isa = PBXFileReference; fileEncoding = 4; lastKnownFileType = sourcecode.c.h; path = jmorecfg.h; sourceTree = "<group>"; };
		7525A1AF167A613600487B91 /* jpeglib.h */ = {isa = PBXFileReference; fileEncoding = 4; lastKnownFileType = sourcecode.c.h; path = jpeglib.h; sourceTree = "<group>"; };
		7525A1B1167A613600487B91 /* accelerate.h */ = {isa = PBXFileReference; fileEncoding = 4; lastKnownFileType = sourcecode.c.h; path = accelerate.h; sourceTree = "<group>"; };
		7525A1B2167A613600487B91 /* animate.h */ = {isa = PBXFileReference; fileEncoding = 4; lastKnownFileType = sourcecode.c.h; path = animate.h; sourceTree = "<group>"; };
		7525A1B3167A613600487B91 /* annotate.h */ = {isa = PBXFileReference; fileEncoding = 4; lastKnownFileType = sourcecode.c.h; path = annotate.h; sourceTree = "<group>"; };
		7525A1B4167A613600487B91 /* api.h */ = {isa = PBXFileReference; fileEncoding = 4; lastKnownFileType = sourcecode.c.h; path = api.h; sourceTree = "<group>"; };
		7525A1B5167A613600487B91 /* artifact.h */ = {isa = PBXFileReference; fileEncoding = 4; lastKnownFileType = sourcecode.c.h; path = artifact.h; sourceTree = "<group>"; };
		7525A1B6167A613600487B91 /* attribute.h */ = {isa = PBXFileReference; fileEncoding = 4; lastKnownFileType = sourcecode.c.h; path = attribute.h; sourceTree = "<group>"; };
		7525A1B7167A613600487B91 /* blob.h */ = {isa = PBXFileReference; fileEncoding = 4; lastKnownFileType = sourcecode.c.h; path = blob.h; sourceTree = "<group>"; };
		7525A1B8167A613600487B91 /* cache-view.h */ = {isa = PBXFileReference; fileEncoding = 4; lastKnownFileType = sourcecode.c.h; path = "cache-view.h"; sourceTree = "<group>"; };
		7525A1B9167A613600487B91 /* cache.h */ = {isa = PBXFileReference; fileEncoding = 4; lastKnownFileType = sourcecode.c.h; path = cache.h; sourceTree = "<group>"; };
		7525A1BA167A613600487B91 /* channel.h */ = {isa = PBXFileReference; fileEncoding = 4; lastKnownFileType = sourcecode.c.h; path = channel.h; sourceTree = "<group>"; };
		7525A1BB167A613600487B91 /* cipher.h */ = {isa = PBXFileReference; fileEncoding = 4; lastKnownFileType = sourcecode.c.h; path = cipher.h; sourceTree = "<group>"; };
		7525A1BC167A613600487B91 /* client.h */ = {isa = PBXFileReference; fileEncoding = 4; lastKnownFileType = sourcecode.c.h; path = client.h; sourceTree = "<group>"; };
		7525A1BD167A613600487B91 /* coder.h */ = {isa = PBXFileReference; fileEncoding = 4; lastKnownFileType = sourcecode.c.h; path = coder.h; sourceTree = "<group>"; };
		7525A1BE167A613600487B91 /* color.h */ = {isa = PBXFileReference; fileEncoding = 4; lastKnownFileType = sourcecode.c.h; path = color.h; sourceTree = "<group>"; };
		7525A1BF167A613600487B91 /* colormap.h */ = {isa = PBXFileReference; fileEncoding = 4; lastKnownFileType = sourcecode.c.h; path = colormap.h; sourceTree = "<group>"; };
		7525A1C0167A613600487B91 /* colorspace.h */ = {isa = PBXFileReference; fileEncoding = 4; lastKnownFileType = sourcecode.c.h; path = colorspace.h; sourceTree = "<group>"; };
		7525A1C1167A613600487B91 /* compare.h */ = {isa = PBXFileReference; fileEncoding = 4; lastKnownFileType = sourcecode.c.h; path = compare.h; sourceTree = "<group>"; };
		7525A1C2167A613600487B91 /* composite.h */ = {isa = PBXFileReference; fileEncoding = 4; lastKnownFileType = sourcecode.c.h; path = composite.h; sourceTree = "<group>"; };
		7525A1C3167A613600487B91 /* compress.h */ = {isa = PBXFileReference; fileEncoding = 4; lastKnownFileType = sourcecode.c.h; path = compress.h; sourceTree = "<group>"; };
		7525A1C4167A613600487B91 /* configure.h */ = {isa = PBXFileReference; fileEncoding = 4; lastKnownFileType = sourcecode.c.h; path = configure.h; sourceTree = "<group>"; };
		7525A1C5167A613600487B91 /* constitute.h */ = {isa = PBXFileReference; fileEncoding = 4; lastKnownFileType = sourcecode.c.h; path = constitute.h; sourceTree = "<group>"; };
		7525A1C6167A613600487B91 /* decorate.h */ = {isa = PBXFileReference; fileEncoding = 4; lastKnownFileType = sourcecode.c.h; path = decorate.h; sourceTree = "<group>"; };
		7525A1C7167A613600487B91 /* delegate.h */ = {isa = PBXFileReference; fileEncoding = 4; lastKnownFileType = sourcecode.c.h; path = delegate.h; sourceTree = "<group>"; };
		7525A1C8167A613600487B91 /* deprecate.h */ = {isa = PBXFileReference; fileEncoding = 4; lastKnownFileType = sourcecode.c.h; path = deprecate.h; sourceTree = "<group>"; };
		7525A1C9167A613600487B91 /* display.h */ = {isa = PBXFileReference; fileEncoding = 4; lastKnownFileType = sourcecode.c.h; path = display.h; sourceTree = "<group>"; };
		7525A1CA167A613600487B91 /* distort.h */ = {isa = PBXFileReference; fileEncoding = 4; lastKnownFileType = sourcecode.c.h; path = distort.h; sourceTree = "<group>"; };
		7525A1CB167A613600487B91 /* draw.h */ = {isa = PBXFileReference; fileEncoding = 4; lastKnownFileType = sourcecode.c.h; path = draw.h; sourceTree = "<group>"; };
		7525A1CC167A613600487B91 /* effect.h */ = {isa = PBXFileReference; fileEncoding = 4; lastKnownFileType = sourcecode.c.h; path = effect.h; sourceTree = "<group>"; };
		7525A1CD167A613600487B91 /* enhance.h */ = {isa = PBXFileReference; fileEncoding = 4; lastKnownFileType = sourcecode.c.h; path = enhance.h; sourceTree = "<group>"; };
		7525A1CE167A613600487B91 /* exception.h */ = {isa = PBXFileReference; fileEncoding = 4; lastKnownFileType = sourcecode.c.h; path = exception.h; sourceTree = "<group>"; };
		7525A1CF167A613600487B91 /* feature.h */ = {isa = PBXFileReference; fileEncoding = 4; lastKnownFileType = sourcecode.c.h; path = feature.h; sourceTree = "<group>"; };
		7525A1D0167A613600487B91 /* fourier.h */ = {isa = PBXFileReference; fileEncoding = 4; lastKnownFileType = sourcecode.c.h; path = fourier.h; sourceTree = "<group>"; };
		7525A1D1167A613600487B91 /* fx.h */ = {isa = PBXFileReference; fileEncoding = 4; lastKnownFileType = sourcecode.c.h; path = fx.h; sourceTree = "<group>"; };
		7525A1D2167A613600487B91 /* gem.h */ = {isa = PBXFileReference; fileEncoding = 4; lastKnownFileType = sourcecode.c.h; path = gem.h; sourceTree = "<group>"; };
		7525A1D3167A613600487B91 /* geometry.h */ = {isa = PBXFileReference; fileEncoding = 4; lastKnownFileType = sourcecode.c.h; path = geometry.h; sourceTree = "<group>"; };
		7525A1D4167A613600487B91 /* hashmap.h */ = {isa = PBXFileReference; fileEncoding = 4; lastKnownFileType = sourcecode.c.h; path = hashmap.h; sourceTree = "<group>"; };
		7525A1D5167A613600487B91 /* histogram.h */ = {isa = PBXFileReference; fileEncoding = 4; lastKnownFileType = sourcecode.c.h; path = histogram.h; sourceTree = "<group>"; };
		7525A1D6167A613600487B91 /* identify.h */ = {isa = PBXFileReference; fileEncoding = 4; lastKnownFileType = sourcecode.c.h; path = identify.h; sourceTree = "<group>"; };
		7525A1D7167A613600487B91 /* image-view.h */ = {isa = PBXFileReference; fileEncoding = 4; lastKnownFileType = sourcecode.c.h; path = "image-view.h"; sourceTree = "<group>"; };
		7525A1D8167A613600487B91 /* image.h */ = {isa = PBXFileReference; fileEncoding = 4; lastKnownFileType = sourcecode.c.h; path = image.h; sourceTree = "<group>"; };
		7525A1D9167A613600487B91 /* ImageMagick.h */ = {isa = PBXFileReference; fileEncoding = 4; lastKnownFileType = sourcecode.c.h; path = ImageMagick.h; sourceTree = "<group>"; };
		7525A1DA167A613600487B91 /* layer.h */ = {isa = PBXFileReference; fileEncoding = 4; lastKnownFileType = sourcecode.c.h; path = layer.h; sourceTree = "<group>"; };
		7525A1DB167A613600487B91 /* list.h */ = {isa = PBXFileReference; fileEncoding = 4; lastKnownFileType = sourcecode.c.h; path = list.h; sourceTree = "<group>"; };
		7525A1DC167A613600487B91 /* locale_.h */ = {isa = PBXFileReference; fileEncoding = 4; lastKnownFileType = sourcecode.c.h; path = locale_.h; sourceTree = "<group>"; };
		7525A1DD167A613600487B91 /* log.h */ = {isa = PBXFileReference; fileEncoding = 4; lastKnownFileType = sourcecode.c.h; path = log.h; sourceTree = "<group>"; };
		7525A1DE167A613600487B91 /* magic.h */ = {isa = PBXFileReference; fileEncoding = 4; lastKnownFileType = sourcecode.c.h; path = magic.h; sourceTree = "<group>"; };
		7525A1DF167A613600487B91 /* magick-baseconfig.h */ = {isa = PBXFileReference; fileEncoding = 4; lastKnownFileType = sourcecode.c.h; path = "magick-baseconfig.h"; sourceTree = "<group>"; };
		7525A1E0167A613600487B91 /* magick-config.h */ = {isa = PBXFileReference; fileEncoding = 4; lastKnownFileType = sourcecode.c.h; path = "magick-config.h"; sourceTree = "<group>"; };
		7525A1E1167A613600487B91 /* magick-type.h */ = {isa = PBXFileReference; fileEncoding = 4; lastKnownFileType = sourcecode.c.h; path = "magick-type.h"; sourceTree = "<group>"; };
		7525A1E2167A613600487B91 /* magick.h */ = {isa = PBXFileReference; fileEncoding = 4; lastKnownFileType = sourcecode.c.h; path = magick.h; sourceTree = "<group>"; };
		7525A1E3167A613600487B91 /* MagickCore.h */ = {isa = PBXFileReference; fileEncoding = 4; lastKnownFileType = sourcecode.c.h; path = MagickCore.h; sourceTree = "<group>"; };
		7525A1E4167A613600487B91 /* matrix.h */ = {isa = PBXFileReference; fileEncoding = 4; lastKnownFileType = sourcecode.c.h; path = matrix.h; sourceTree = "<group>"; };
		7525A1E5167A613600487B91 /* memory_.h */ = {isa = PBXFileReference; fileEncoding = 4; lastKnownFileType = sourcecode.c.h; path = memory_.h; sourceTree = "<group>"; };
		7525A1E6167A613600487B91 /* method-attribute.h */ = {isa = PBXFileReference; fileEncoding = 4; lastKnownFileType = sourcecode.c.h; path = "method-attribute.h"; sourceTree = "<group>"; };
		7525A1E7167A613600487B91 /* methods.h */ = {isa = PBXFileReference; fileEncoding = 4; lastKnownFileType = sourcecode.c.h; path = methods.h; sourceTree = "<group>"; };
		7525A1E8167A613600487B91 /* mime.h */ = {isa = PBXFileReference; fileEncoding = 4; lastKnownFileType = sourcecode.c.h; path = mime.h; sourceTree = "<group>"; };
		7525A1E9167A613600487B91 /* module.h */ = {isa = PBXFileReference; fileEncoding = 4; lastKnownFileType = sourcecode.c.h; path = module.h; sourceTree = "<group>"; };
		7525A1EA167A613600487B91 /* monitor.h */ = {isa = PBXFileReference; fileEncoding = 4; lastKnownFileType = sourcecode.c.h; path = monitor.h; sourceTree = "<group>"; };
		7525A1EB167A613600487B91 /* montage.h */ = {isa = PBXFileReference; fileEncoding = 4; lastKnownFileType = sourcecode.c.h; path = montage.h; sourceTree = "<group>"; };
		7525A1EC167A613600487B91 /* morphology.h */ = {isa = PBXFileReference; fileEncoding = 4; lastKnownFileType = sourcecode.c.h; path = morphology.h; sourceTree = "<group>"; };
		7525A1ED167A613600487B91 /* option.h */ = {isa = PBXFileReference; fileEncoding = 4; lastKnownFileType = sourcecode.c.h; path = option.h; sourceTree = "<group>"; };
		7525A1EE167A613600487B91 /* paint.h */ = {isa = PBXFileReference; fileEncoding = 4; lastKnownFileType = sourcecode.c.h; path = paint.h; sourceTree = "<group>"; };
		7525A1EF167A613600487B91 /* pixel-accessor.h */ = {isa = PBXFileReference; fileEncoding = 4; lastKnownFileType = sourcecode.c.h; path = "pixel-accessor.h"; sourceTree = "<group>"; };
		7525A1F0167A613600487B91 /* pixel.h */ = {isa = PBXFileReference; fileEncoding = 4; lastKnownFileType = sourcecode.c.h; path = pixel.h; sourceTree = "<group>"; };
		7525A1F1167A613600487B91 /* policy.h */ = {isa = PBXFileReference; fileEncoding = 4; lastKnownFileType = sourcecode.c.h; path = policy.h; sourceTree = "<group>"; };
		7525A1F2167A613600487B91 /* prepress.h */ = {isa = PBXFileReference; fileEncoding = 4; lastKnownFileType = sourcecode.c.h; path = prepress.h; sourceTree = "<group>"; };
		7525A1F3167A613600487B91 /* PreRvIcccm.h */ = {isa = PBXFileReference; fileEncoding = 4; lastKnownFileType = sourcecode.c.h; path = PreRvIcccm.h; sourceTree = "<group>"; };
		7525A1F4167A613600487B91 /* profile.h */ = {isa = PBXFileReference; fileEncoding = 4; lastKnownFileType = sourcecode.c.h; path = profile.h; sourceTree = "<group>"; };
		7525A1F5167A613600487B91 /* property.h */ = {isa = PBXFileReference; fileEncoding = 4; lastKnownFileType = sourcecode.c.h; path = property.h; sourceTree = "<group>"; };
		7525A1F6167A613600487B91 /* quantize.h */ = {isa = PBXFileReference; fileEncoding = 4; lastKnownFileType = sourcecode.c.h; path = quantize.h; sourceTree = "<group>"; };
		7525A1F7167A613600487B91 /* quantum.h */ = {isa = PBXFileReference; fileEncoding = 4; lastKnownFileType = sourcecode.c.h; path = quantum.h; sourceTree = "<group>"; };
		7525A1F8167A613600487B91 /* random_.h */ = {isa = PBXFileReference; fileEncoding = 4; lastKnownFileType = sourcecode.c.h; path = random_.h; sourceTree = "<group>"; };
		7525A1F9167A613600487B91 /* registry.h */ = {isa = PBXFileReference; fileEncoding = 4; lastKnownFileType = sourcecode.c.h; path = registry.h; sourceTree = "<group>"; };
		7525A1FA167A613600487B91 /* resample.h */ = {isa = PBXFileReference; fileEncoding = 4; lastKnownFileType = sourcecode.c.h; path = resample.h; sourceTree = "<group>"; };
		7525A1FB167A613600487B91 /* resize.h */ = {isa = PBXFileReference; fileEncoding = 4; lastKnownFileType = sourcecode.c.h; path = resize.h; sourceTree = "<group>"; };
		7525A1FC167A613600487B91 /* resource_.h */ = {isa = PBXFileReference; fileEncoding = 4; lastKnownFileType = sourcecode.c.h; path = resource_.h; sourceTree = "<group>"; };
		7525A1FD167A613600487B91 /* segment.h */ = {isa = PBXFileReference; fileEncoding = 4; lastKnownFileType = sourcecode.c.h; path = segment.h; sourceTree = "<group>"; };
		7525A1FE167A613600487B91 /* semaphore.h */ = {isa = PBXFileReference; fileEncoding = 4; lastKnownFileType = sourcecode.c.h; path = semaphore.h; sourceTree = "<group>"; };
		7525A1FF167A613600487B91 /* shear.h */ = {isa = PBXFileReference; fileEncoding = 4; lastKnownFileType = sourcecode.c.h; path = shear.h; sourceTree = "<group>"; };
		7525A200167A613600487B91 /* signature.h */ = {isa = PBXFileReference; fileEncoding = 4; lastKnownFileType = sourcecode.c.h; path = signature.h; sourceTree = "<group>"; };
		7525A201167A613600487B91 /* splay-tree.h */ = {isa = PBXFileReference; fileEncoding = 4; lastKnownFileType = sourcecode.c.h; path = "splay-tree.h"; sourceTree = "<group>"; };
		7525A202167A613600487B91 /* statistic.h */ = {isa = PBXFileReference; fileEncoding = 4; lastKnownFileType = sourcecode.c.h; path = statistic.h; sourceTree = "<group>"; };
		7525A203167A613600487B91 /* stream.h */ = {isa = PBXFileReference; fileEncoding = 4; lastKnownFileType = sourcecode.c.h; path = stream.h; sourceTree = "<group>"; };
		7525A204167A613600487B91 /* string_.h */ = {isa = PBXFileReference; fileEncoding = 4; lastKnownFileType = sourcecode.c.h; path = string_.h; sourceTree = "<group>"; };
		7525A205167A613600487B91 /* threshold.h */ = {isa = PBXFileReference; fileEncoding = 4; lastKnownFileType = sourcecode.c.h; path = threshold.h; sourceTree = "<group>"; };
		7525A206167A613600487B91 /* timer.h */ = {isa = PBXFileReference; fileEncoding = 4; lastKnownFileType = sourcecode.c.h; path = timer.h; sourceTree = "<group>"; };
		7525A207167A613600487B91 /* token.h */ = {isa = PBXFileReference; fileEncoding = 4; lastKnownFileType = sourcecode.c.h; path = token.h; sourceTree = "<group>"; };
		7525A208167A613600487B91 /* transform.h */ = {isa = PBXFileReference; fileEncoding = 4; lastKnownFileType = sourcecode.c.h; path = transform.h; sourceTree = "<group>"; };
		7525A209167A613600487B91 /* type.h */ = {isa = PBXFileReference; fileEncoding = 4; lastKnownFileType = sourcecode.c.h; path = type.h; sourceTree = "<group>"; };
		7525A20A167A613600487B91 /* utility.h */ = {isa = PBXFileReference; fileEncoding = 4; lastKnownFileType = sourcecode.c.h; path = utility.h; sourceTree = "<group>"; };
		7525A20B167A613600487B91 /* version.h */ = {isa = PBXFileReference; fileEncoding = 4; lastKnownFileType = sourcecode.c.h; path = version.h; sourceTree = "<group>"; };
		7525A20C167A613600487B91 /* widget.h */ = {isa = PBXFileReference; fileEncoding = 4; lastKnownFileType = sourcecode.c.h; path = widget.h; sourceTree = "<group>"; };
		7525A20D167A613600487B91 /* xml-tree.h */ = {isa = PBXFileReference; fileEncoding = 4; lastKnownFileType = sourcecode.c.h; path = "xml-tree.h"; sourceTree = "<group>"; };
		7525A20E167A613600487B91 /* xwindow.h */ = {isa = PBXFileReference; fileEncoding = 4; lastKnownFileType = sourcecode.c.h; path = xwindow.h; sourceTree = "<group>"; };
		7525A210167A613600487B91 /* png.h */ = {isa = PBXFileReference; fileEncoding = 4; lastKnownFileType = sourcecode.c.h; path = png.h; sourceTree = "<group>"; };
		7525A211167A613600487B91 /* pngconf.h */ = {isa = PBXFileReference; fileEncoding = 4; lastKnownFileType = sourcecode.c.h; path = pngconf.h; sourceTree = "<group>"; };
		7525A212167A613600487B91 /* pnglibconf.h */ = {isa = PBXFileReference; fileEncoding = 4; lastKnownFileType = sourcecode.c.h; path = pnglibconf.h; sourceTree = "<group>"; };
		7525A214167A613600487B91 /* tiff.h */ = {isa = PBXFileReference; fileEncoding = 4; lastKnownFileType = sourcecode.c.h; path = tiff.h; sourceTree = "<group>"; };
		7525A215167A613600487B91 /* tiffconf.h */ = {isa = PBXFileReference; fileEncoding = 4; lastKnownFileType = sourcecode.c.h; path = tiffconf.h; sourceTree = "<group>"; };
		7525A216167A613600487B91 /* tiffio.h */ = {isa = PBXFileReference; fileEncoding = 4; lastKnownFileType = sourcecode.c.h; path = tiffio.h; sourceTree = "<group>"; };
		7525A217167A613600487B91 /* tiffvers.h */ = {isa = PBXFileReference; fileEncoding = 4; lastKnownFileType = sourcecode.c.h; path = tiffvers.h; sourceTree = "<group>"; };
		7525A219167A613600487B91 /* animate.h */ = {isa = PBXFileReference; fileEncoding = 4; lastKnownFileType = sourcecode.c.h; path = animate.h; sourceTree = "<group>"; };
		7525A21A167A613600487B91 /* compare.h */ = {isa = PBXFileReference; fileEncoding = 4; lastKnownFileType = sourcecode.c.h; path = compare.h; sourceTree = "<group>"; };
		7525A21B167A613600487B91 /* composite.h */ = {isa = PBXFileReference; fileEncoding = 4; lastKnownFileType = sourcecode.c.h; path = composite.h; sourceTree = "<group>"; };
		7525A21C167A613600487B91 /* conjure.h */ = {isa = PBXFileReference; fileEncoding = 4; lastKnownFileType = sourcecode.c.h; path = conjure.h; sourceTree = "<group>"; };
		7525A21D167A613600487B91 /* convert.h */ = {isa = PBXFileReference; fileEncoding = 4; lastKnownFileType = sourcecode.c.h; path = convert.h; sourceTree = "<group>"; };
		7525A21E167A613600487B91 /* deprecate.h */ = {isa = PBXFileReference; fileEncoding = 4; lastKnownFileType = sourcecode.c.h; path = deprecate.h; sourceTree = "<group>"; };
		7525A21F167A613600487B91 /* display.h */ = {isa = PBXFileReference; fileEncoding = 4; lastKnownFileType = sourcecode.c.h; path = display.h; sourceTree = "<group>"; };
		7525A220167A613600487B91 /* drawing-wand.h */ = {isa = PBXFileReference; fileEncoding = 4; lastKnownFileType = sourcecode.c.h; path = "drawing-wand.h"; sourceTree = "<group>"; };
		7525A221167A613600487B91 /* identify.h */ = {isa = PBXFileReference; fileEncoding = 4; lastKnownFileType = sourcecode.c.h; path = identify.h; sourceTree = "<group>"; };
		7525A222167A613600487B91 /* import.h */ = {isa = PBXFileReference; fileEncoding = 4; lastKnownFileType = sourcecode.c.h; path = import.h; sourceTree = "<group>"; };
		7525A223167A613600487B91 /* magick-image.h */ = {isa = PBXFileReference; fileEncoding = 4; lastKnownFileType = sourcecode.c.h; path = "magick-image.h"; sourceTree = "<group>"; };
		7525A224167A613600487B91 /* magick-property.h */ = {isa = PBXFileReference; fileEncoding = 4; lastKnownFileType = sourcecode.c.h; path = "magick-property.h"; sourceTree = "<group>"; };
		7525A225167A613600487B91 /* magick-wand.h */ = {isa = PBXFileReference; fileEncoding = 4; lastKnownFileType = sourcecode.c.h; path = "magick-wand.h"; sourceTree = "<group>"; };
		7525A226167A613600487B91 /* magick_wand.h */ = {isa = PBXFileReference; fileEncoding = 4; lastKnownFileType = sourcecode.c.h; path = magick_wand.h; sourceTree = "<group>"; };
		7525A227167A613600487B91 /* MagickWand.h */ = {isa = PBXFileReference; fileEncoding = 4; lastKnownFileType = sourcecode.c.h; path = MagickWand.h; sourceTree = "<group>"; };
		7525A228167A613600487B91 /* method-attribute.h */ = {isa = PBXFileReference; fileEncoding = 4; lastKnownFileType = sourcecode.c.h; path = "method-attribute.h"; sourceTree = "<group>"; };
		7525A229167A613600487B91 /* mogrify.h */ = {isa = PBXFileReference; fileEncoding = 4; lastKnownFileType = sourcecode.c.h; path = mogrify.h; sourceTree = "<group>"; };
		7525A22A167A613600487B91 /* montage.h */ = {isa = PBXFileReference; fileEncoding = 4; lastKnownFileType = sourcecode.c.h; path = montage.h; sourceTree = "<group>"; };
		7525A22B167A613600487B91 /* pixel-iterator.h */ = {isa = PBXFileReference; fileEncoding = 4; lastKnownFileType = sourcecode.c.h; path = "pixel-iterator.h"; sourceTree = "<group>"; };
		7525A22C167A613600487B91 /* pixel-wand.h */ = {isa = PBXFileReference; fileEncoding = 4; lastKnownFileType = sourcecode.c.h; path = "pixel-wand.h"; sourceTree = "<group>"; };
		7525A22D167A613600487B91 /* stream.h */ = {isa = PBXFileReference; fileEncoding = 4; lastKnownFileType = sourcecode.c.h; path = stream.h; sourceTree = "<group>"; };
		7525A22E167A613600487B91 /* wand-view.h */ = {isa = PBXFileReference; fileEncoding = 4; lastKnownFileType = sourcecode.c.h; path = "wand-view.h"; sourceTree = "<group>"; };
		7525A22F167A613600487B91 /* libjpeg.a */ = {isa = PBXFileReference; lastKnownFileType = archive.ar; path = libjpeg.a; sourceTree = "<group>"; };
		7525A230167A613600487B91 /* libMagickCore.a */ = {isa = PBXFileReference; lastKnownFileType = archive.ar; path = libMagickCore.a; sourceTree = "<group>"; };
		7525A231167A613600487B91 /* libMagickWand.a */ = {isa = PBXFileReference; lastKnownFileType = archive.ar; path = libMagickWand.a; sourceTree = "<group>"; };
		7525A232167A613600487B91 /* libpng.a */ = {isa = PBXFileReference; lastKnownFileType = archive.ar; path = libpng.a; sourceTree = "<group>"; };
		7525A233167A613600487B91 /* libtiff.a */ = {isa = PBXFileReference; lastKnownFileType = archive.ar; path = libtiff.a; sourceTree = "<group>"; };
		7525A249167A614C00487B91 /* libxml2.dylib */ = {isa = PBXFileReference; lastKnownFileType = "compiled.mach-o.dylib"; name = libxml2.dylib; path = usr/lib/libxml2.dylib; sourceTree = SDKROOT; };
		8D1107310486CEB800E47090 /* IM_Test-Info.plist */ = {isa = PBXFileReference; fileEncoding = 4; lastKnownFileType = text.plist.xml; path = "IM_Test-Info.plist"; plistStructureDefinitionIdentifier = "com.apple.xcode.plist.structure-definition.iphone.info-plist"; sourceTree = "<group>"; };
/* End PBXFileReference section */

/* Begin PBXFrameworksBuildPhase section */
		1D60588F0D05DD3D006BFB54 /* Frameworks */ = {
			isa = PBXFrameworksBuildPhase;
			buildActionMask = 2147483647;
			files = (
				1D60589F0D05DD5A006BFB54 /* Foundation.framework in Frameworks */,
				1DF5F4E00D08C38300B7A737 /* UIKit.framework in Frameworks */,
				288765A50DF7441C002DB57D /* CoreGraphics.framework in Frameworks */,
				7525A24B167A615400487B91 /* libxml2.dylib in Frameworks */,
				7525A244167A613600487B91 /* libjpeg.a in Frameworks */,
				7525A245167A613600487B91 /* libMagickCore.a in Frameworks */,
				7525A246167A613600487B91 /* libMagickWand.a in Frameworks */,
				7525A247167A613600487B91 /* libpng.a in Frameworks */,
				7525A248167A613600487B91 /* libtiff.a in Frameworks */,
			);
			runOnlyForDeploymentPostprocessing = 0;
		};
/* End PBXFrameworksBuildPhase section */

/* Begin PBXGroup section */
		080E96DDFE201D6D7F000001 /* Classes */ = {
			isa = PBXGroup;
			children = (
				1D3623240D0F684500981E51 /* IM_TestAppDelegate.h */,
				1D3623250D0F684500981E51 /* IM_TestAppDelegate.m */,
				28D7ACF60DDB3853001CB0EB /* IM_TestViewController.h */,
				28D7ACF70DDB3853001CB0EB /* IM_TestViewController.m */,
			);
			path = Classes;
			sourceTree = "<group>";
		};
		19C28FACFE9D520D11CA2CBB /* Products */ = {
			isa = PBXGroup;
			children = (
				1D6058910D05DD3D006BFB54 /* IM_Test.app */,
			);
			name = Products;
			sourceTree = "<group>";
		};
		29B97314FDCFA39411CA2CEA /* CustomTemplate */ = {
			isa = PBXGroup;
			children = (
				080E96DDFE201D6D7F000001 /* Classes */,
				29B97315FDCFA39411CA2CEA /* Other Sources */,
				29B97317FDCFA39411CA2CEA /* Resources */,
				29B97323FDCFA39411CA2CEA /* Frameworks */,
				19C28FACFE9D520D11CA2CBB /* Products */,
			);
			name = CustomTemplate;
			sourceTree = "<group>";
		};
		29B97315FDCFA39411CA2CEA /* Other Sources */ = {
			isa = PBXGroup;
			children = (
				32CA4F630368D1EE00C91783 /* IM_Test_Prefix.pch */,
				29B97316FDCFA39411CA2CEA /* main.m */,
			);
			name = "Other Sources";
			sourceTree = "<group>";
		};
		29B97317FDCFA39411CA2CEA /* Resources */ = {
			isa = PBXGroup;
			children = (
				61EDE88F100CBC30001C64A9 /* benchmarks.txt */,
				61EC622C101EF99F00AE41D8 /* iphone.tif */,
				6188D5C310066BB300BA109F /* iphone.png */,
				2899E5210DE3E06400AC0155 /* IM_TestViewController.xib */,
				28AD733E0D9D9553002E5188 /* MainWindow.xib */,
				8D1107310486CEB800E47090 /* IM_Test-Info.plist */,
			);
			name = Resources;
			sourceTree = "<group>";
		};
		29B97323FDCFA39411CA2CEA /* Frameworks */ = {
			isa = PBXGroup;
			children = (
				7525A249167A614C00487B91 /* libxml2.dylib */,
				7525A198167A613600487B91 /* IM */,
				1DF5F4DF0D08C38300B7A737 /* UIKit.framework */,
				1D30AB110D05D00D00671497 /* Foundation.framework */,
				288765A40DF7441C002DB57D /* CoreGraphics.framework */,
			);
			name = Frameworks;
			sourceTree = "<group>";
		};
		7525A198167A613600487B91 /* IM */ = {
			isa = PBXGroup;
			children = (
				7525A199167A613600487B91 /* include */,
				7525A22F167A613600487B91 /* libjpeg.a */,
				7525A230167A613600487B91 /* libMagickCore.a */,
				7525A231167A613600487B91 /* libMagickWand.a */,
				7525A232167A613600487B91 /* libpng.a */,
				7525A233167A613600487B91 /* libtiff.a */,
			);
			path = IM;
			sourceTree = "<group>";
		};
		7525A199167A613600487B91 /* include */ = {
			isa = PBXGroup;
			children = (
				7525A19A167A613600487B91 /* im_config */,
				7525A1AB167A613600487B91 /* jpeg */,
				7525A1B0167A613600487B91 /* magick */,
				7525A20F167A613600487B91 /* png */,
				7525A213167A613600487B91 /* tiff */,
				7525A218167A613600487B91 /* wand */,
			);
			path = include;
			sourceTree = "<group>";
		};
		7525A19A167A613600487B91 /* im_config */ = {
			isa = PBXGroup;
			children = (
				7525A19B167A613600487B91 /* coder.xml */,
				7525A19C167A613600487B91 /* colors.xml */,
				7525A19D167A613600487B91 /* delegates.xml */,
				7525A19E167A613600487B91 /* english.xml */,
				7525A19F167A613600487B91 /* francais.xml */,
				7525A1A0167A613600487B91 /* locale.xml */,
				7525A1A1167A613600487B91 /* log.xml */,
				7525A1A2167A613600487B91 /* magic.xml */,
				7525A1A3167A613600487B91 /* mime.xml */,
				7525A1A4167A613600487B91 /* policy.xml */,
				7525A1A5167A613600487B91 /* quantization-table.xml */,
				7525A1A6167A613600487B91 /* thresholds.xml */,
				7525A1A7167A613600487B91 /* type-dejavu.xml */,
				7525A1A8167A613600487B91 /* type-ghostscript.xml */,
				7525A1A9167A613600487B91 /* type-windows.xml */,
				7525A1AA167A613600487B91 /* type.xml */,
			);
			path = im_config;
			sourceTree = "<group>";
		};
		7525A1AB167A613600487B91 /* jpeg */ = {
			isa = PBXGroup;
			children = (
				7525A1AC167A613600487B91 /* jconfig.h */,
				7525A1AD167A613600487B91 /* jerror.h */,
				7525A1AE167A613600487B91 /* jmorecfg.h */,
				7525A1AF167A613600487B91 /* jpeglib.h */,
			);
			path = jpeg;
			sourceTree = "<group>";
		};
		7525A1B0167A613600487B91 /* magick */ = {
			isa = PBXGroup;
			children = (
				7525A1B1167A613600487B91 /* accelerate.h */,
				7525A1B2167A613600487B91 /* animate.h */,
				7525A1B3167A613600487B91 /* annotate.h */,
				7525A1B4167A613600487B91 /* api.h */,
				7525A1B5167A613600487B91 /* artifact.h */,
				7525A1B6167A613600487B91 /* attribute.h */,
				7525A1B7167A613600487B91 /* blob.h */,
				7525A1B8167A613600487B91 /* cache-view.h */,
				7525A1B9167A613600487B91 /* cache.h */,
				7525A1BA167A613600487B91 /* channel.h */,
				7525A1BB167A613600487B91 /* cipher.h */,
				7525A1BC167A613600487B91 /* client.h */,
				7525A1BD167A613600487B91 /* coder.h */,
				7525A1BE167A613600487B91 /* color.h */,
				7525A1BF167A613600487B91 /* colormap.h */,
				7525A1C0167A613600487B91 /* colorspace.h */,
				7525A1C1167A613600487B91 /* compare.h */,
				7525A1C2167A613600487B91 /* composite.h */,
				7525A1C3167A613600487B91 /* compress.h */,
				7525A1C4167A613600487B91 /* configure.h */,
				7525A1C5167A613600487B91 /* constitute.h */,
				7525A1C6167A613600487B91 /* decorate.h */,
				7525A1C7167A613600487B91 /* delegate.h */,
				7525A1C8167A613600487B91 /* deprecate.h */,
				7525A1C9167A613600487B91 /* display.h */,
				7525A1CA167A613600487B91 /* distort.h */,
				7525A1CB167A613600487B91 /* draw.h */,
				7525A1CC167A613600487B91 /* effect.h */,
				7525A1CD167A613600487B91 /* enhance.h */,
				7525A1CE167A613600487B91 /* exception.h */,
				7525A1CF167A613600487B91 /* feature.h */,
				7525A1D0167A613600487B91 /* fourier.h */,
				7525A1D1167A613600487B91 /* fx.h */,
				7525A1D2167A613600487B91 /* gem.h */,
				7525A1D3167A613600487B91 /* geometry.h */,
				7525A1D4167A613600487B91 /* hashmap.h */,
				7525A1D5167A613600487B91 /* histogram.h */,
				7525A1D6167A613600487B91 /* identify.h */,
				7525A1D7167A613600487B91 /* image-view.h */,
				7525A1D8167A613600487B91 /* image.h */,
				7525A1D9167A613600487B91 /* ImageMagick.h */,
				7525A1DA167A613600487B91 /* layer.h */,
				7525A1DB167A613600487B91 /* list.h */,
				7525A1DC167A613600487B91 /* locale_.h */,
				7525A1DD167A613600487B91 /* log.h */,
				7525A1DE167A613600487B91 /* magic.h */,
				7525A1DF167A613600487B91 /* magick-baseconfig.h */,
				7525A1E0167A613600487B91 /* magick-config.h */,
				7525A1E1167A613600487B91 /* magick-type.h */,
				7525A1E2167A613600487B91 /* magick.h */,
				7525A1E3167A613600487B91 /* MagickCore.h */,
				7525A1E4167A613600487B91 /* matrix.h */,
				7525A1E5167A613600487B91 /* memory_.h */,
				7525A1E6167A613600487B91 /* method-attribute.h */,
				7525A1E7167A613600487B91 /* methods.h */,
				7525A1E8167A613600487B91 /* mime.h */,
				7525A1E9167A613600487B91 /* module.h */,
				7525A1EA167A613600487B91 /* monitor.h */,
				7525A1EB167A613600487B91 /* montage.h */,
				7525A1EC167A613600487B91 /* morphology.h */,
				7525A1ED167A613600487B91 /* option.h */,
				7525A1EE167A613600487B91 /* paint.h */,
				7525A1EF167A613600487B91 /* pixel-accessor.h */,
				7525A1F0167A613600487B91 /* pixel.h */,
				7525A1F1167A613600487B91 /* policy.h */,
				7525A1F2167A613600487B91 /* prepress.h */,
				7525A1F3167A613600487B91 /* PreRvIcccm.h */,
				7525A1F4167A613600487B91 /* profile.h */,
				7525A1F5167A613600487B91 /* property.h */,
				7525A1F6167A613600487B91 /* quantize.h */,
				7525A1F7167A613600487B91 /* quantum.h */,
				7525A1F8167A613600487B91 /* random_.h */,
				7525A1F9167A613600487B91 /* registry.h */,
				7525A1FA167A613600487B91 /* resample.h */,
				7525A1FB167A613600487B91 /* resize.h */,
				7525A1FC167A613600487B91 /* resource_.h */,
				7525A1FD167A613600487B91 /* segment.h */,
				7525A1FE167A613600487B91 /* semaphore.h */,
				7525A1FF167A613600487B91 /* shear.h */,
				7525A200167A613600487B91 /* signature.h */,
				7525A201167A613600487B91 /* splay-tree.h */,
				7525A202167A613600487B91 /* statistic.h */,
				7525A203167A613600487B91 /* stream.h */,
				7525A204167A613600487B91 /* string_.h */,
				7525A205167A613600487B91 /* threshold.h */,
				7525A206167A613600487B91 /* timer.h */,
				7525A207167A613600487B91 /* token.h */,
				7525A208167A613600487B91 /* transform.h */,
				7525A209167A613600487B91 /* type.h */,
				7525A20A167A613600487B91 /* utility.h */,
				7525A20B167A613600487B91 /* version.h */,
				7525A20C167A613600487B91 /* widget.h */,
				7525A20D167A613600487B91 /* xml-tree.h */,
				7525A20E167A613600487B91 /* xwindow.h */,
			);
			path = magick;
			sourceTree = "<group>";
		};
		7525A20F167A613600487B91 /* png */ = {
			isa = PBXGroup;
			children = (
				7525A210167A613600487B91 /* png.h */,
				7525A211167A613600487B91 /* pngconf.h */,
				7525A212167A613600487B91 /* pnglibconf.h */,
			);
			path = png;
			sourceTree = "<group>";
		};
		7525A213167A613600487B91 /* tiff */ = {
			isa = PBXGroup;
			children = (
				7525A214167A613600487B91 /* tiff.h */,
				7525A215167A613600487B91 /* tiffconf.h */,
				7525A216167A613600487B91 /* tiffio.h */,
				7525A217167A613600487B91 /* tiffvers.h */,
			);
			path = tiff;
			sourceTree = "<group>";
		};
		7525A218167A613600487B91 /* wand */ = {
			isa = PBXGroup;
			children = (
				7525A219167A613600487B91 /* animate.h */,
				7525A21A167A613600487B91 /* compare.h */,
				7525A21B167A613600487B91 /* composite.h */,
				7525A21C167A613600487B91 /* conjure.h */,
				7525A21D167A613600487B91 /* convert.h */,
				7525A21E167A613600487B91 /* deprecate.h */,
				7525A21F167A613600487B91 /* display.h */,
				7525A220167A613600487B91 /* drawing-wand.h */,
				7525A221167A613600487B91 /* identify.h */,
				7525A222167A613600487B91 /* import.h */,
				7525A223167A613600487B91 /* magick-image.h */,
				7525A224167A613600487B91 /* magick-property.h */,
				7525A225167A613600487B91 /* magick-wand.h */,
				7525A226167A613600487B91 /* magick_wand.h */,
				7525A227167A613600487B91 /* MagickWand.h */,
				7525A228167A613600487B91 /* method-attribute.h */,
				7525A229167A613600487B91 /* mogrify.h */,
				7525A22A167A613600487B91 /* montage.h */,
				7525A22B167A613600487B91 /* pixel-iterator.h */,
				7525A22C167A613600487B91 /* pixel-wand.h */,
				7525A22D167A613600487B91 /* stream.h */,
				7525A22E167A613600487B91 /* wand-view.h */,
			);
			path = wand;
			sourceTree = "<group>";
		};
/* End PBXGroup section */

/* Begin PBXNativeTarget section */
		1D6058900D05DD3D006BFB54 /* IM_Test */ = {
			isa = PBXNativeTarget;
			buildConfigurationList = 1D6058960D05DD3E006BFB54 /* Build configuration list for PBXNativeTarget "IM_Test" */;
			buildPhases = (
				1D60588D0D05DD3D006BFB54 /* Resources */,
				1D60588E0D05DD3D006BFB54 /* Sources */,
				1D60588F0D05DD3D006BFB54 /* Frameworks */,
			);
			buildRules = (
			);
			dependencies = (
			);
			name = IM_Test;
			productName = IM_Test;
			productReference = 1D6058910D05DD3D006BFB54 /* IM_Test.app */;
			productType = "com.apple.product-type.application";
		};
/* End PBXNativeTarget section */

/* Begin PBXProject section */
		29B97313FDCFA39411CA2CEA /* Project object */ = {
			isa = PBXProject;
			buildConfigurationList = C01FCF4E08A954540054247B /* Build configuration list for PBXProject "IM_Test" */;
			compatibilityVersion = "Xcode 3.1";
			developmentRegion = English;
			hasScannedForEncodings = 1;
			knownRegions = (
				English,
				Japanese,
				French,
				German,
			);
			mainGroup = 29B97314FDCFA39411CA2CEA /* CustomTemplate */;
			projectDirPath = "";
			projectRoot = "";
			targets = (
				1D6058900D05DD3D006BFB54 /* IM_Test */,
			);
		};
/* End PBXProject section */

/* Begin PBXResourcesBuildPhase section */
		1D60588D0D05DD3D006BFB54 /* Resources */ = {
			isa = PBXResourcesBuildPhase;
			buildActionMask = 2147483647;
			files = (
				28AD733F0D9D9553002E5188 /* MainWindow.xib in Resources */,
				2899E5220DE3E06400AC0155 /* IM_TestViewController.xib in Resources */,
				6188D5C410066BB300BA109F /* iphone.png in Resources */,
				61EC622D101EF99F00AE41D8 /* iphone.tif in Resources */,
				7525A234167A613600487B91 /* coder.xml in Resources */,
				7525A235167A613600487B91 /* colors.xml in Resources */,
				7525A236167A613600487B91 /* delegates.xml in Resources */,
				7525A237167A613600487B91 /* english.xml in Resources */,
				7525A238167A613600487B91 /* francais.xml in Resources */,
				7525A239167A613600487B91 /* locale.xml in Resources */,
				7525A23A167A613600487B91 /* log.xml in Resources */,
				7525A23B167A613600487B91 /* magic.xml in Resources */,
				7525A23C167A613600487B91 /* mime.xml in Resources */,
				7525A23D167A613600487B91 /* policy.xml in Resources */,
				7525A23E167A613600487B91 /* quantization-table.xml in Resources */,
				7525A23F167A613600487B91 /* thresholds.xml in Resources */,
				7525A240167A613600487B91 /* type-dejavu.xml in Resources */,
				7525A241167A613600487B91 /* type-ghostscript.xml in Resources */,
				7525A242167A613600487B91 /* type-windows.xml in Resources */,
				7525A243167A613600487B91 /* type.xml in Resources */,
			);
			runOnlyForDeploymentPostprocessing = 0;
		};
/* End PBXResourcesBuildPhase section */

/* Begin PBXSourcesBuildPhase section */
		1D60588E0D05DD3D006BFB54 /* Sources */ = {
			isa = PBXSourcesBuildPhase;
			buildActionMask = 2147483647;
			files = (
				1D60589B0D05DD56006BFB54 /* main.m in Sources */,
				1D3623260D0F684500981E51 /* IM_TestAppDelegate.m in Sources */,
				28D7ACF80DDB3853001CB0EB /* IM_TestViewController.m in Sources */,
			);
			runOnlyForDeploymentPostprocessing = 0;
		};
/* End PBXSourcesBuildPhase section */

/* Begin XCBuildConfiguration section */
		1D6058940D05DD3E006BFB54 /* Debug */ = {
			isa = XCBuildConfiguration;
			buildSettings = {
				ALWAYS_SEARCH_USER_PATHS = NO;
				CODE_SIGN_IDENTITY = "iPhone Developer";
				"CODE_SIGN_IDENTITY[sdk=iphoneos*]" = "iPhone Developer";
				COPY_PHASE_STRIP = NO;
				GCC_DYNAMIC_NO_PIC = NO;
				GCC_OPTIMIZATION_LEVEL = 0;
				GCC_PRECOMPILE_PREFIX_HEADER = YES;
				GCC_PREFIX_HEADER = IM_Test_Prefix.pch;
				GCC_VERSION = com.apple.compilers.llvmgcc42;
				INFOPLIST_FILE = "IM_Test-Info.plist";
				LIBRARY_SEARCH_PATHS = (
					"$(inherited)",
					"\"$(SRCROOT)\"",
					"\"$(SRCROOT)/IM\"",
				);
				PRODUCT_NAME = IM_Test;
				PROVISIONING_PROFILE = "";
				"PROVISIONING_PROFILE[sdk=iphoneos*]" = "";
				SDKROOT = iphoneos;
			};
			name = Debug;
		};
		1D6058950D05DD3E006BFB54 /* Release */ = {
			isa = XCBuildConfiguration;
			buildSettings = {
				ALWAYS_SEARCH_USER_PATHS = NO;
				CODE_SIGN_IDENTITY = "iPhone Developer";
				"CODE_SIGN_IDENTITY[sdk=iphoneos*]" = "iPhone Developer";
				COPY_PHASE_STRIP = YES;
				GCC_PRECOMPILE_PREFIX_HEADER = YES;
				GCC_PREFIX_HEADER = IM_Test_Prefix.pch;
				GCC_VERSION = com.apple.compilers.llvmgcc42;
				INFOPLIST_FILE = "IM_Test-Info.plist";
				LIBRARY_SEARCH_PATHS = (
					"$(inherited)",
					"\"$(SRCROOT)\"",
					"\"$(SRCROOT)/IM\"",
				);
				PRODUCT_NAME = IM_Test;
				PROVISIONING_PROFILE = "";
				"PROVISIONING_PROFILE[sdk=iphoneos*]" = "";
				SDKROOT = iphoneos;
			};
			name = Release;
		};
		C01FCF4F08A954540054247B /* Debug */ = {
			isa = XCBuildConfiguration;
			buildSettings = {
				ARCHS = "$(ARCHS_STANDARD_32_BIT)";
				CODE_SIGN_IDENTITY = "iPhone Developer: Claudio Marforio (BY6UKAFTLP)";
				"CODE_SIGN_IDENTITY[sdk=iphoneos*]" = "iPhone Developer: Claudio Marforio (BY6UKAFTLP)";
				GCC_C_LANGUAGE_STANDARD = c99;
				GCC_VERSION = com.apple.compilers.llvmgcc42;
				GCC_WARN_ABOUT_RETURN_TYPE = YES;
				GCC_WARN_UNUSED_VARIABLE = YES;
				HEADER_SEARCH_PATHS = "\"$(SRCROOT)/\"/**";
				IPHONEOS_DEPLOYMENT_TARGET = 3.1;
				LIBRARY_SEARCH_PATHS = "\"$(SRCROOT)/\"/**";
				OTHER_CFLAGS = "-Dmacintosh=1";
				OTHER_LDFLAGS = (
					"-lMagickCore",
					"-lMagickWand",
					"-lz",
					"-lbz2",
					"-ljpeg",
					"-lpng",
				);
				PREBINDING = NO;
				PROVISIONING_PROFILE = "75C705FA-EA8B-4AD3-BB63-D04D3DC9C305";
				"PROVISIONING_PROFILE[sdk=iphoneos*]" = "75C705FA-EA8B-4AD3-BB63-D04D3DC9C305";
				SDKROOT = iphoneos;
			};
			name = Debug;
		};
		C01FCF5008A954540054247B /* Release */ = {
			isa = XCBuildConfiguration;
			buildSettings = {
				ARCHS = "$(ARCHS_STANDARD_32_BIT)";
				CODE_SIGN_IDENTITY = "iPhone Developer: Claudio Marforio (BY6UKAFTLP)";
				"CODE_SIGN_IDENTITY[sdk=iphoneos*]" = "iPhone Developer: Claudio Marforio (BY6UKAFTLP)";
				GCC_C_LANGUAGE_STANDARD = c99;
				GCC_VERSION = com.apple.compilers.llvmgcc42;
				GCC_WARN_ABOUT_RETURN_TYPE = YES;
				GCC_WARN_UNUSED_VARIABLE = YES;
				HEADER_SEARCH_PATHS = "\"$(SRCROOT)/\"/**";
				IPHONEOS_DEPLOYMENT_TARGET = 3.1;
				LIBRARY_SEARCH_PATHS = "\"$(SRCROOT)/\"/**";
				OTHER_CFLAGS = "-Dmacintosh=1";
				OTHER_LDFLAGS = (
					"-lMagickCore",
					"-lMagickWand",
					"-lbz2",
					"-lz",
					"-ljpeg",
					"-lpng",
				);
				PREBINDING = NO;
				PROVISIONING_PROFILE = "75C705FA-EA8B-4AD3-BB63-D04D3DC9C305";
				"PROVISIONING_PROFILE[sdk=iphoneos*]" = "75C705FA-EA8B-4AD3-BB63-D04D3DC9C305";
				SDKROOT = iphoneos;
			};
			name = Release;
		};
/* End XCBuildConfiguration section */

/* Begin XCConfigurationList section */
		1D6058960D05DD3E006BFB54 /* Build configuration list for PBXNativeTarget "IM_Test" */ = {
			isa = XCConfigurationList;
			buildConfigurations = (
				1D6058940D05DD3E006BFB54 /* Debug */,
				1D6058950D05DD3E006BFB54 /* Release */,
			);
			defaultConfigurationIsVisible = 0;
			defaultConfigurationName = Release;
		};
		C01FCF4E08A954540054247B /* Build configuration list for PBXProject "IM_Test" */ = {
			isa = XCConfigurationList;
			buildConfigurations = (
				C01FCF4F08A954540054247B /* Debug */,
				C01FCF5008A954540054247B /* Release */,
			);
			defaultConfigurationIsVisible = 0;
			defaultConfigurationName = Release;
		};
/* End XCConfigurationList section */
	};
	rootObject = 29B97313FDCFA39411CA2CEA /* Project object */;
}
